// !$*UTF8*$!
{
	archiveVersion = 1;
	classes = {
	};
	objectVersion = 56;
	objects = {

/* Begin PBXBuildFile section */
		ED72C775E70010BD2C3F5353 /* AppEnvironment.swift in Sources */ = {isa = PBXBuildFile; fileRef = EA1BB11B03CA3E7DEC58834E /* AppEnvironment.swift */; };
		53179175A2B27514AE4FAF10 /* ReclaimApp.swift in Sources */ = {isa = PBXBuildFile; fileRef = 7D42F38310BF335E4B178488 /* ReclaimApp.swift */; };
		973D5BC87EC0AB896F6BD8D9 /* ReclaimError.swift in Sources */ = {isa = PBXBuildFile; fileRef = 6CBB23C39735224C237E42CB /* ReclaimError.swift */; };
		806770C1FBB53C662B5E3800 /* FileManager+Storage.swift in Sources */ = {isa = PBXBuildFile; fileRef = 924ED217BA8FDB467B79D239 /* FileManager+Storage.swift */; };
		826F93754D60D3CDEB5648DC /* CleanupSelection.swift in Sources */ = {isa = PBXBuildFile; fileRef = F299720556E1BE243290812B /* CleanupSelection.swift */; };
		0F319600AF64A4B68187FCA0 /* ContactCandidate.swift in Sources */ = {isa = PBXBuildFile; fileRef = 509BAC0E8C32050F3E43AF61 /* ContactCandidate.swift */; };
		4E84236C0617B90CC24645F5 /* Enums.swift in Sources */ = {isa = PBXBuildFile; fileRef = A319191D80F013C88E436300 /* Enums.swift */; };
		E90AEB2537B9625C6345BD69 /* PhotoAsset.swift in Sources */ = {isa = PBXBuildFile; fileRef = 230378DCEC2E995740B4305A /* PhotoAsset.swift */; };
		FFD4302F1F74720330E5CB3A /* PhotoGroup.swift in Sources */ = {isa = PBXBuildFile; fileRef = B46884A0D4318C4ECD5D1AF1 /* PhotoGroup.swift */; };
		16CA78CA076E9CEC23505B2B /* ScanResult.swift in Sources */ = {isa = PBXBuildFile; fileRef = 28C3BA1FEE459E423F90682A /* ScanResult.swift */; };
		041EBC50E3497C66A976D544 /* StorageSummary.swift in Sources */ = {isa = PBXBuildFile; fileRef = A19CA5B6F277E8EB88692029 /* StorageSummary.swift */; };
		D9F2A05F0FDDC20DAC1C6EB0 /* VideoAsset.swift in Sources */ = {isa = PBXBuildFile; fileRef = D1826EA6794342DECCAF0C32 /* VideoAsset.swift */; };
		13909B7FF0C4C8D48BCD7746 /* BestPhotoScoring.swift in Sources */ = {isa = PBXBuildFile; fileRef = 54390BB0F72AA0DA94C563B8 /* BestPhotoScoring.swift */; };
		9B609221C8F2A647339125F2 /* ByteFormatting.swift in Sources */ = {isa = PBXBuildFile; fileRef = F90A78EE6CB1A8A6152CC183 /* ByteFormatting.swift */; };
		78B1C230BBD03BB23E4B99C4 /* ContactNormalizer.swift in Sources */ = {isa = PBXBuildFile; fileRef = 4F6FED0F4F8EBCB5721458B9 /* ContactNormalizer.swift */; };
		3ABC22BFF4B668076A10C58C /* HammingDistance.swift in Sources */ = {isa = PBXBuildFile; fileRef = 92ECF3501AAF40E0E186263A /* HammingDistance.swift */; };
		1427D1C9DC1BF5719C9C0181 /* NameSimilarity.swift in Sources */ = {isa = PBXBuildFile; fileRef = 648123668022012A6B0C987C /* NameSimilarity.swift */; };
		2DD186A4388E6C5693EDA10B /* PerceptualHash.swift in Sources */ = {isa = PBXBuildFile; fileRef = 75D891CF54396CCDBD4B3489 /* PerceptualHash.swift */; };
		EAC535A7899988B2B60079F1 /* UnionFind.swift in Sources */ = {isa = PBXBuildFile; fileRef = 801A3E8CBE9B818603BAD880 /* UnionFind.swift */; };
		BE396160CFADE38CA65FCAC9 /* CleanupResultView.swift in Sources */ = {isa = PBXBuildFile; fileRef = D54F87F58A036DC5BFE2957B /* CleanupResultView.swift */; };
		CF991D0791605C3414DDBAF4 /* DashboardView.swift in Sources */ = {isa = PBXBuildFile; fileRef = D8F56BE37E820A0FB2935D13 /* DashboardView.swift */; };
		8886A91BC946CC6640838C9C /* DashboardViewModel.swift in Sources */ = {isa = PBXBuildFile; fileRef = 6D31E3A4A75643FE52A12118 /* DashboardViewModel.swift */; };
		0DB4D96C059A5BA1ABDEEF9B /* ReviewStore.swift in Sources */ = {isa = PBXBuildFile; fileRef = E8ABC65C0F28656C22D93F6E /* ReviewStore.swift */; };
		8C1CE8B96BF108AB222D8106 /* ReviewView.swift in Sources */ = {isa = PBXBuildFile; fileRef = 6E77C08677530E0F47E9EF22 /* ReviewView.swift */; };
		B58865954F54AD411DCBE100 /* ReviewViewModel.swift in Sources */ = {isa = PBXBuildFile; fileRef = 8F272A454C4DDD0B5DF4BE9B /* ReviewViewModel.swift */; };
		FA27251832687C1B2AB2A523 /* Logging.swift in Sources */ = {isa = PBXBuildFile; fileRef = 5656FAD06069281300566813 /* Logging.swift */; };
		5466507165A228D2DDD7C600 /* ScanCache.swift in Sources */ = {isa = PBXBuildFile; fileRef = 92B4173A862706C2E5BFF98A /* ScanCache.swift */; };
		1F6A6477A82616502C6EBCC3 /* ThumbnailCache.swift in Sources */ = {isa = PBXBuildFile; fileRef = 4ABFF14D6BC59C8CE44833C1 /* ThumbnailCache.swift */; };
		B6E4B397152FEA3BC63F564C /* CleanupService.swift in Sources */ = {isa = PBXBuildFile; fileRef = F95653D583C05DDBB448F22D /* CleanupService.swift */; };
		BD2C2C9FB2C9D1C388A2FC00 /* ContactService.swift in Sources */ = {isa = PBXBuildFile; fileRef = A6B315D9817F0E8ABEC8C2BA /* ContactService.swift */; };
		DC2867D4EA023F9D779690BB /* ContactServiceLive.swift in Sources */ = {isa = PBXBuildFile; fileRef = 8CFB80344719617E70E5AD0D /* ContactServiceLive.swift */; };
		E0638F54BDFE4030CB33CEAB /* DuplicateContactDetector.swift in Sources */ = {isa = PBXBuildFile; fileRef = 941784BA089C67DCD8362FA6 /* DuplicateContactDetector.swift */; };
		806B0A8A3E34CFDBB716E8A7 /* DuplicateDetector.swift in Sources */ = {isa = PBXBuildFile; fileRef = B0BF494242C4A20DA870C50D /* DuplicateDetector.swift */; };
		9D0882F7EDEDCE5563AC999D /* ImagePixelExtractor.swift in Sources */ = {isa = PBXBuildFile; fileRef = 65DC3B05BD742CB39E54A934 /* ImagePixelExtractor.swift */; };
		D0460DB8CA70392AE68E8BD6 /* PhotoLibraryService.swift in Sources */ = {isa = PBXBuildFile; fileRef = 060E02C4F79964CA3AB76402 /* PhotoLibraryService.swift */; };
		2F11D47271D44E7B96DA31B2 /* PhotoLibraryServiceLive.swift in Sources */ = {isa = PBXBuildFile; fileRef = FDAC4F8B0FA465F95748C658 /* PhotoLibraryServiceLive.swift */; };
		3AA84B4D1ABE96FAB53519DA /* ScreenshotDetector.swift in Sources */ = {isa = PBXBuildFile; fileRef = 8A03371EADF43A74A2CD3E0B /* ScreenshotDetector.swift */; };
		B4C4A922214057BED21DC3E6 /* SimilarityDetector.swift in Sources */ = {isa = PBXBuildFile; fileRef = C4521023C9C25F0AEAD821F9 /* SimilarityDetector.swift */; };
		CDF25C439431B4586F17D5EA /* StorageService.swift in Sources */ = {isa = PBXBuildFile; fileRef = 21BF5CFF3F12BA6B7652C94B /* StorageService.swift */; };
		64EECE693F9C20AAAF813156 /* VideoScanner.swift in Sources */ = {isa = PBXBuildFile; fileRef = A0E2A90FB7FD542698037BFC /* VideoScanner.swift */; };
		603652A5D26F8D018B95B57F /* PerformCleanupUseCase.swift in Sources */ = {isa = PBXBuildFile; fileRef = 690BEA06458D04B7A10A7BC3 /* PerformCleanupUseCase.swift */; };
		A8D878127E7C96ECC0C53EDB /* ScanContactsUseCase.swift in Sources */ = {isa = PBXBuildFile; fileRef = 26D2AE9615296A5B2348B743 /* ScanContactsUseCase.swift */; };
		7E26E1696E1BFF7CEA2A02B0 /* ScanPhotoLibraryUseCase.swift in Sources */ = {isa = PBXBuildFile; fileRef = BB6C1A7B1ECD1E0532B7750B /* ScanPhotoLibraryUseCase.swift */; };
		A2D2BD9A3282106B298F25FE /* BestPhotoScoringTests.swift in Sources */ = {isa = PBXBuildFile; fileRef = BC964EF69248D7ADE5EA203C /* BestPhotoScoringTests.swift */; };
		F4B2F7C0DC8E374577FAF76C /* CleanupSelectionTests.swift in Sources */ = {isa = PBXBuildFile; fileRef = A958994C8CA688095340EB8D /* CleanupSelectionTests.swift */; };
		5214AB0348E98B53FF1B1355 /* ContactNormalizerTests.swift in Sources */ = {isa = PBXBuildFile; fileRef = AD9522BD70EA6E75A67DB0B3 /* ContactNormalizerTests.swift */; };
		3253F72D3B3165773742B7E3 /* DuplicateContactDetectorTests.swift in Sources */ = {isa = PBXBuildFile; fileRef = FD0F8003CB555BAC690139E0 /* DuplicateContactDetectorTests.swift */; };
		4D41C178E09CFE5625DC6785 /* GroupSelectionInvariantTests.swift in Sources */ = {isa = PBXBuildFile; fileRef = A5A8C5CFA0791357BF5E0567 /* GroupSelectionInvariantTests.swift */; };
		061F4ABA17BE460529529426 /* HammingDistanceAndClusteringTests.swift in Sources */ = {isa = PBXBuildFile; fileRef = 96EDF09DE2438D03AFBDBAC7 /* HammingDistanceAndClusteringTests.swift */; };
		2EBEF80CA6FAC806962A5B70 /* NameSimilarityTests.swift in Sources */ = {isa = PBXBuildFile; fileRef = 87095D72460370AD1263CF88 /* NameSimilarityTests.swift */; };
		8F07669C27A2F1E9D7A16298 /* PerceptualHashTests.swift in Sources */ = {isa = PBXBuildFile; fileRef = 071AA00B462ED43E3CA814D3 /* PerceptualHashTests.swift */; };
		30CFE50B67CDAE55CC322D8B /* Fakes.swift in Sources */ = {isa = PBXBuildFile; fileRef = 46A8DF71DD47B5CBC71864D7 /* Fakes.swift */; };
		7B646DBB20211A11D981C6BC /* PerformCleanupUseCaseSafetyTests.swift in Sources */ = {isa = PBXBuildFile; fileRef = 7BBA8A6C0942AFCE0F1096AA /* PerformCleanupUseCaseSafetyTests.swift */; };
		372C5AB7F380508BA5961D24 /* Info.plist in Resources */ = {isa = PBXBuildFile; fileRef = 12F1C9823B7D241C34392D7F /* Info.plist */; };
		B8D0AA1162829813FF4F44E6 /* Reclaim.app in Frameworks */ = {isa = PBXBuildFile; fileRef = 3124B4AF7BA1A4F2CFBEF072 /* Reclaim.app */; };
/* End PBXBuildFile section */

/* Begin PBXContainerItemProxy section */
		4BB6CD8B805F95608EA3CC07 /* PBXContainerItemProxy */ = {
			isa = PBXContainerItemProxy;
			containerPortal = AFC74C69B8FAF538E614821C /* Project object */;
			proxyType = 1;
			remoteGlobalIDString = BCEF38A2FE2454A4AB803F0E;
			remoteInfo = Reclaim;
		};
/* End PBXContainerItemProxy section */

/* Begin PBXFileReference section */
		EA1BB11B03CA3E7DEC58834E /* AppEnvironment.swift */ = {isa = PBXFileReference; lastKnownFileType = sourcecode.swift; path = AppEnvironment.swift; sourceTree = "<group>"; };
		7D42F38310BF335E4B178488 /* ReclaimApp.swift */ = {isa = PBXFileReference; lastKnownFileType = sourcecode.swift; path = ReclaimApp.swift; sourceTree = "<group>"; };
		6CBB23C39735224C237E42CB /* ReclaimError.swift */ = {isa = PBXFileReference; lastKnownFileType = sourcecode.swift; path = ReclaimError.swift; sourceTree = "<group>"; };
		924ED217BA8FDB467B79D239 /* FileManager+Storage.swift */ = {isa = PBXFileReference; lastKnownFileType = sourcecode.swift; path = FileManager+Storage.swift; sourceTree = "<group>"; };
		F299720556E1BE243290812B /* CleanupSelection.swift */ = {isa = PBXFileReference; lastKnownFileType = sourcecode.swift; path = CleanupSelection.swift; sourceTree = "<group>"; };
		509BAC0E8C32050F3E43AF61 /* ContactCandidate.swift */ = {isa = PBXFileReference; lastKnownFileType = sourcecode.swift; path = ContactCandidate.swift; sourceTree = "<group>"; };
		A319191D80F013C88E436300 /* Enums.swift */ = {isa = PBXFileReference; lastKnownFileType = sourcecode.swift; path = Enums.swift; sourceTree = "<group>"; };
		230378DCEC2E995740B4305A /* PhotoAsset.swift */ = {isa = PBXFileReference; lastKnownFileType = sourcecode.swift; path = PhotoAsset.swift; sourceTree = "<group>"; };
		B46884A0D4318C4ECD5D1AF1 /* PhotoGroup.swift */ = {isa = PBXFileReference; lastKnownFileType = sourcecode.swift; path = PhotoGroup.swift; sourceTree = "<group>"; };
		28C3BA1FEE459E423F90682A /* ScanResult.swift */ = {isa = PBXFileReference; lastKnownFileType = sourcecode.swift; path = ScanResult.swift; sourceTree = "<group>"; };
		A19CA5B6F277E8EB88692029 /* StorageSummary.swift */ = {isa = PBXFileReference; lastKnownFileType = sourcecode.swift; path = StorageSummary.swift; sourceTree = "<group>"; };
		D1826EA6794342DECCAF0C32 /* VideoAsset.swift */ = {isa = PBXFileReference; lastKnownFileType = sourcecode.swift; path = VideoAsset.swift; sourceTree = "<group>"; };
		54390BB0F72AA0DA94C563B8 /* BestPhotoScoring.swift */ = {isa = PBXFileReference; lastKnownFileType = sourcecode.swift; path = BestPhotoScoring.swift; sourceTree = "<group>"; };
		F90A78EE6CB1A8A6152CC183 /* ByteFormatting.swift */ = {isa = PBXFileReference; lastKnownFileType = sourcecode.swift; path = ByteFormatting.swift; sourceTree = "<group>"; };
		4F6FED0F4F8EBCB5721458B9 /* ContactNormalizer.swift */ = {isa = PBXFileReference; lastKnownFileType = sourcecode.swift; path = ContactNormalizer.swift; sourceTree = "<group>"; };
		92ECF3501AAF40E0E186263A /* HammingDistance.swift */ = {isa = PBXFileReference; lastKnownFileType = sourcecode.swift; path = HammingDistance.swift; sourceTree = "<group>"; };
		648123668022012A6B0C987C /* NameSimilarity.swift */ = {isa = PBXFileReference; lastKnownFileType = sourcecode.swift; path = NameSimilarity.swift; sourceTree = "<group>"; };
		75D891CF54396CCDBD4B3489 /* PerceptualHash.swift */ = {isa = PBXFileReference; lastKnownFileType = sourcecode.swift; path = PerceptualHash.swift; sourceTree = "<group>"; };
		801A3E8CBE9B818603BAD880 /* UnionFind.swift */ = {isa = PBXFileReference; lastKnownFileType = sourcecode.swift; path = UnionFind.swift; sourceTree = "<group>"; };
		D54F87F58A036DC5BFE2957B /* CleanupResultView.swift */ = {isa = PBXFileReference; lastKnownFileType = sourcecode.swift; path = CleanupResultView.swift; sourceTree = "<group>"; };
		D8F56BE37E820A0FB2935D13 /* DashboardView.swift */ = {isa = PBXFileReference; lastKnownFileType = sourcecode.swift; path = DashboardView.swift; sourceTree = "<group>"; };
		6D31E3A4A75643FE52A12118 /* DashboardViewModel.swift */ = {isa = PBXFileReference; lastKnownFileType = sourcecode.swift; path = DashboardViewModel.swift; sourceTree = "<group>"; };
		E8ABC65C0F28656C22D93F6E /* ReviewStore.swift */ = {isa = PBXFileReference; lastKnownFileType = sourcecode.swift; path = ReviewStore.swift; sourceTree = "<group>"; };
		6E77C08677530E0F47E9EF22 /* ReviewView.swift */ = {isa = PBXFileReference; lastKnownFileType = sourcecode.swift; path = ReviewView.swift; sourceTree = "<group>"; };
		8F272A454C4DDD0B5DF4BE9B /* ReviewViewModel.swift */ = {isa = PBXFileReference; lastKnownFileType = sourcecode.swift; path = ReviewViewModel.swift; sourceTree = "<group>"; };
		5656FAD06069281300566813 /* Logging.swift */ = {isa = PBXFileReference; lastKnownFileType = sourcecode.swift; path = Logging.swift; sourceTree = "<group>"; };
		92B4173A862706C2E5BFF98A /* ScanCache.swift */ = {isa = PBXFileReference; lastKnownFileType = sourcecode.swift; path = ScanCache.swift; sourceTree = "<group>"; };
		4ABFF14D6BC59C8CE44833C1 /* ThumbnailCache.swift */ = {isa = PBXFileReference; lastKnownFileType = sourcecode.swift; path = ThumbnailCache.swift; sourceTree = "<group>"; };
		F95653D583C05DDBB448F22D /* CleanupService.swift */ = {isa = PBXFileReference; lastKnownFileType = sourcecode.swift; path = CleanupService.swift; sourceTree = "<group>"; };
		A6B315D9817F0E8ABEC8C2BA /* ContactService.swift */ = {isa = PBXFileReference; lastKnownFileType = sourcecode.swift; path = ContactService.swift; sourceTree = "<group>"; };
		8CFB80344719617E70E5AD0D /* ContactServiceLive.swift */ = {isa = PBXFileReference; lastKnownFileType = sourcecode.swift; path = ContactServiceLive.swift; sourceTree = "<group>"; };
		941784BA089C67DCD8362FA6 /* DuplicateContactDetector.swift */ = {isa = PBXFileReference; lastKnownFileType = sourcecode.swift; path = DuplicateContactDetector.swift; sourceTree = "<group>"; };
		B0BF494242C4A20DA870C50D /* DuplicateDetector.swift */ = {isa = PBXFileReference; lastKnownFileType = sourcecode.swift; path = DuplicateDetector.swift; sourceTree = "<group>"; };
		65DC3B05BD742CB39E54A934 /* ImagePixelExtractor.swift */ = {isa = PBXFileReference; lastKnownFileType = sourcecode.swift; path = ImagePixelExtractor.swift; sourceTree = "<group>"; };
		060E02C4F79964CA3AB76402 /* PhotoLibraryService.swift */ = {isa = PBXFileReference; lastKnownFileType = sourcecode.swift; path = PhotoLibraryService.swift; sourceTree = "<group>"; };
		FDAC4F8B0FA465F95748C658 /* PhotoLibraryServiceLive.swift */ = {isa = PBXFileReference; lastKnownFileType = sourcecode.swift; path = PhotoLibraryServiceLive.swift; sourceTree = "<group>"; };
		8A03371EADF43A74A2CD3E0B /* ScreenshotDetector.swift */ = {isa = PBXFileReference; lastKnownFileType = sourcecode.swift; path = ScreenshotDetector.swift; sourceTree = "<group>"; };
		C4521023C9C25F0AEAD821F9 /* SimilarityDetector.swift */ = {isa = PBXFileReference; lastKnownFileType = sourcecode.swift; path = SimilarityDetector.swift; sourceTree = "<group>"; };
		21BF5CFF3F12BA6B7652C94B /* StorageService.swift */ = {isa = PBXFileReference; lastKnownFileType = sourcecode.swift; path = StorageService.swift; sourceTree = "<group>"; };
		A0E2A90FB7FD542698037BFC /* VideoScanner.swift */ = {isa = PBXFileReference; lastKnownFileType = sourcecode.swift; path = VideoScanner.swift; sourceTree = "<group>"; };
		690BEA06458D04B7A10A7BC3 /* PerformCleanupUseCase.swift */ = {isa = PBXFileReference; lastKnownFileType = sourcecode.swift; path = PerformCleanupUseCase.swift; sourceTree = "<group>"; };
		26D2AE9615296A5B2348B743 /* ScanContactsUseCase.swift */ = {isa = PBXFileReference; lastKnownFileType = sourcecode.swift; path = ScanContactsUseCase.swift; sourceTree = "<group>"; };
		BB6C1A7B1ECD1E0532B7750B /* ScanPhotoLibraryUseCase.swift */ = {isa = PBXFileReference; lastKnownFileType = sourcecode.swift; path = ScanPhotoLibraryUseCase.swift; sourceTree = "<group>"; };
		BC964EF69248D7ADE5EA203C /* BestPhotoScoringTests.swift */ = {isa = PBXFileReference; lastKnownFileType = sourcecode.swift; path = BestPhotoScoringTests.swift; sourceTree = "<group>"; };
		A958994C8CA688095340EB8D /* CleanupSelectionTests.swift */ = {isa = PBXFileReference; lastKnownFileType = sourcecode.swift; path = CleanupSelectionTests.swift; sourceTree = "<group>"; };
		AD9522BD70EA6E75A67DB0B3 /* ContactNormalizerTests.swift */ = {isa = PBXFileReference; lastKnownFileType = sourcecode.swift; path = ContactNormalizerTests.swift; sourceTree = "<group>"; };
		FD0F8003CB555BAC690139E0 /* DuplicateContactDetectorTests.swift */ = {isa = PBXFileReference; lastKnownFileType = sourcecode.swift; path = DuplicateContactDetectorTests.swift; sourceTree = "<group>"; };
		A5A8C5CFA0791357BF5E0567 /* GroupSelectionInvariantTests.swift */ = {isa = PBXFileReference; lastKnownFileType = sourcecode.swift; path = GroupSelectionInvariantTests.swift; sourceTree = "<group>"; };
		96EDF09DE2438D03AFBDBAC7 /* HammingDistanceAndClusteringTests.swift */ = {isa = PBXFileReference; lastKnownFileType = sourcecode.swift; path = HammingDistanceAndClusteringTests.swift; sourceTree = "<group>"; };
		87095D72460370AD1263CF88 /* NameSimilarityTests.swift */ = {isa = PBXFileReference; lastKnownFileType = sourcecode.swift; path = NameSimilarityTests.swift; sourceTree = "<group>"; };
		071AA00B462ED43E3CA814D3 /* PerceptualHashTests.swift */ = {isa = PBXFileReference; lastKnownFileType = sourcecode.swift; path = PerceptualHashTests.swift; sourceTree = "<group>"; };
		46A8DF71DD47B5CBC71864D7 /* Fakes.swift */ = {isa = PBXFileReference; lastKnownFileType = sourcecode.swift; path = Fakes.swift; sourceTree = "<group>"; };
		7BBA8A6C0942AFCE0F1096AA /* PerformCleanupUseCaseSafetyTests.swift */ = {isa = PBXFileReference; lastKnownFileType = sourcecode.swift; path = PerformCleanupUseCaseSafetyTests.swift; sourceTree = "<group>"; };
		12F1C9823B7D241C34392D7F /* Info.plist */ = {isa = PBXFileReference; lastKnownFileType = text.plist.xml; path = Info.plist; sourceTree = "<group>"; };
		3124B4AF7BA1A4F2CFBEF072 /* Reclaim.app */ = {isa = PBXFileReference; explicitFileType = wrapper.application; includeInIndex = 0; path = Reclaim.app; sourceTree = BUILT_PRODUCTS_DIR; };
		839E763A2B7391BEBAB5DA35 /* ReclaimTests.xctest */ = {isa = PBXFileReference; explicitFileType = wrapper.cfbundle; includeInIndex = 0; path = ReclaimTests.xctest; sourceTree = BUILT_PRODUCTS_DIR; };
/* End PBXFileReference section */

/* Begin PBXFrameworksBuildPhase section */
		9E88FEF503C1E40FDF23CCDE /* Frameworks */ = {
			isa = PBXFrameworksBuildPhase;
			buildActionMask = 2147483647;
			files = (
			);
			runOnlyForDeploymentPostprocessing = 0;
		};
		56361F60CA31B6C99997FAC5 /* Frameworks */ = {
			isa = PBXFrameworksBuildPhase;
			buildActionMask = 2147483647;
			files = (
				B8D0AA1162829813FF4F44E6 /* Reclaim.app in Frameworks */,
			);
			runOnlyForDeploymentPostprocessing = 0;
		};
/* End PBXFrameworksBuildPhase section */

/* Begin PBXGroup section */
		FC651386BA2E14F90AF6A049 /* App */ = {
			isa = PBXGroup;
			children = (
				EA1BB11B03CA3E7DEC58834E /* AppEnvironment.swift */,
				7D42F38310BF335E4B178488 /* ReclaimApp.swift */,
			);
			path = App;
			sourceTree = "<group>";
		};
		72CC8ED24E964483515162CB /* Errors */ = {
			isa = PBXGroup;
			children = (
				6CBB23C39735224C237E42CB /* ReclaimError.swift */,
			);
			path = Errors;
			sourceTree = "<group>";
		};
		9D64E0CC32528C41CAFF97AB /* Extensions */ = {
			isa = PBXGroup;
			children = (
				924ED217BA8FDB467B79D239 /* FileManager+Storage.swift */,
			);
			path = Extensions;
			sourceTree = "<group>";
		};
		B95B57B79C367F38A9750151 /* Models */ = {
			isa = PBXGroup;
			children = (
				F299720556E1BE243290812B /* CleanupSelection.swift */,
				509BAC0E8C32050F3E43AF61 /* ContactCandidate.swift */,
				A319191D80F013C88E436300 /* Enums.swift */,
				230378DCEC2E995740B4305A /* PhotoAsset.swift */,
				B46884A0D4318C4ECD5D1AF1 /* PhotoGroup.swift */,
				28C3BA1FEE459E423F90682A /* ScanResult.swift */,
				A19CA5B6F277E8EB88692029 /* StorageSummary.swift */,
				D1826EA6794342DECCAF0C32 /* VideoAsset.swift */,
			);
			path = Models;
			sourceTree = "<group>";
		};
		F862F3B0AA104CC715480482 /* Utilities */ = {
			isa = PBXGroup;
			children = (
				54390BB0F72AA0DA94C563B8 /* BestPhotoScoring.swift */,
				F90A78EE6CB1A8A6152CC183 /* ByteFormatting.swift */,
				4F6FED0F4F8EBCB5721458B9 /* ContactNormalizer.swift */,
				92ECF3501AAF40E0E186263A /* HammingDistance.swift */,
				648123668022012A6B0C987C /* NameSimilarity.swift */,
				75D891CF54396CCDBD4B3489 /* PerceptualHash.swift */,
				801A3E8CBE9B818603BAD880 /* UnionFind.swift */,
			);
			path = Utilities;
			sourceTree = "<group>";
		};
		BBD2A521FE1374CACF9825F8 /* Core */ = {
			isa = PBXGroup;
			children = (
				72CC8ED24E964483515162CB /* Errors */,
				9D64E0CC32528C41CAFF97AB /* Extensions */,
				B95B57B79C367F38A9750151 /* Models */,
				F862F3B0AA104CC715480482 /* Utilities */,
			);
			path = Core;
			sourceTree = "<group>";
		};
		CCE6F7EC8D311D414CFC8CAE /* CleanupResult */ = {
			isa = PBXGroup;
			children = (
				D54F87F58A036DC5BFE2957B /* CleanupResultView.swift */,
			);
			path = CleanupResult;
			sourceTree = "<group>";
		};
		FC05186B66B6E779B600F55D /* Dashboard */ = {
			isa = PBXGroup;
			children = (
				D8F56BE37E820A0FB2935D13 /* DashboardView.swift */,
				6D31E3A4A75643FE52A12118 /* DashboardViewModel.swift */,
			);
			path = Dashboard;
			sourceTree = "<group>";
		};
		DF305BE7B2DC11FBCC66DA79 /* Review */ = {
			isa = PBXGroup;
			children = (
				E8ABC65C0F28656C22D93F6E /* ReviewStore.swift */,
				6E77C08677530E0F47E9EF22 /* ReviewView.swift */,
				8F272A454C4DDD0B5DF4BE9B /* ReviewViewModel.swift */,
			);
			path = Review;
			sourceTree = "<group>";
		};
		4F6270314438F1D7DB9453AF /* Features */ = {
			isa = PBXGroup;
			children = (
				CCE6F7EC8D311D414CFC8CAE /* CleanupResult */,
				FC05186B66B6E779B600F55D /* Dashboard */,
				DF305BE7B2DC11FBCC66DA79 /* Review */,
			);
			path = Features;
			sourceTree = "<group>";
		};
		3512200041B2DB83E38E6BD6 /* Infrastructure */ = {
			isa = PBXGroup;
			children = (
				5656FAD06069281300566813 /* Logging.swift */,
				92B4173A862706C2E5BFF98A /* ScanCache.swift */,
				4ABFF14D6BC59C8CE44833C1 /* ThumbnailCache.swift */,
			);
			path = Infrastructure;
			sourceTree = "<group>";
		};
		058C7153F688C23B308D13EC /* Services */ = {
			isa = PBXGroup;
			children = (
				F95653D583C05DDBB448F22D /* CleanupService.swift */,
				A6B315D9817F0E8ABEC8C2BA /* ContactService.swift */,
				8CFB80344719617E70E5AD0D /* ContactServiceLive.swift */,
				941784BA089C67DCD8362FA6 /* DuplicateContactDetector.swift */,
				B0BF494242C4A20DA870C50D /* DuplicateDetector.swift */,
				65DC3B05BD742CB39E54A934 /* ImagePixelExtractor.swift */,
				060E02C4F79964CA3AB76402 /* PhotoLibraryService.swift */,
				FDAC4F8B0FA465F95748C658 /* PhotoLibraryServiceLive.swift */,
				8A03371EADF43A74A2CD3E0B /* ScreenshotDetector.swift */,
				C4521023C9C25F0AEAD821F9 /* SimilarityDetector.swift */,
				21BF5CFF3F12BA6B7652C94B /* StorageService.swift */,
				A0E2A90FB7FD542698037BFC /* VideoScanner.swift */,
			);
			path = Services;
			sourceTree = "<group>";
		};
		C6C800E16AF22650B4E74358 /* UseCases */ = {
			isa = PBXGroup;
			children = (
				690BEA06458D04B7A10A7BC3 /* PerformCleanupUseCase.swift */,
				26D2AE9615296A5B2348B743 /* ScanContactsUseCase.swift */,
				BB6C1A7B1ECD1E0532B7750B /* ScanPhotoLibraryUseCase.swift */,
			);
			path = UseCases;
			sourceTree = "<group>";
		};
		FDEDD7356B8CB312B3CD784F /* Reclaim */ = {
			isa = PBXGroup;
			children = (
				FC651386BA2E14F90AF6A049 /* App */,
				BBD2A521FE1374CACF9825F8 /* Core */,
				4F6270314438F1D7DB9453AF /* Features */,
				3512200041B2DB83E38E6BD6 /* Infrastructure */,
				058C7153F688C23B308D13EC /* Services */,
				C6C800E16AF22650B4E74358 /* UseCases */,
			);
			path = Reclaim;
			sourceTree = "<group>";
		};
		49E9C9ECF15493C23E485DE5 /* CoreTests */ = {
			isa = PBXGroup;
			children = (
				BC964EF69248D7ADE5EA203C /* BestPhotoScoringTests.swift */,
				A958994C8CA688095340EB8D /* CleanupSelectionTests.swift */,
				AD9522BD70EA6E75A67DB0B3 /* ContactNormalizerTests.swift */,
				FD0F8003CB555BAC690139E0 /* DuplicateContactDetectorTests.swift */,
				A5A8C5CFA0791357BF5E0567 /* GroupSelectionInvariantTests.swift */,
				96EDF09DE2438D03AFBDBAC7 /* HammingDistanceAndClusteringTests.swift */,
				87095D72460370AD1263CF88 /* NameSimilarityTests.swift */,
				071AA00B462ED43E3CA814D3 /* PerceptualHashTests.swift */,
			);
			path = CoreTests;
			sourceTree = "<group>";
		};
		BA095D8E37EC0B1F693840BF /* SafetyTests */ = {
			isa = PBXGroup;
			children = (
				46A8DF71DD47B5CBC71864D7 /* Fakes.swift */,
				7BBA8A6C0942AFCE0F1096AA /* PerformCleanupUseCaseSafetyTests.swift */,
			);
			path = SafetyTests;
			sourceTree = "<group>";
		};
		99D1564A4ADFDE72E468E7E4 /* ReclaimTests */ = {
			isa = PBXGroup;
			children = (
				49E9C9ECF15493C23E485DE5 /* CoreTests */,
				BA095D8E37EC0B1F693840BF /* SafetyTests */,
			);
			path = ReclaimTests;
			sourceTree = "<group>";
		};
		CD47F0191CA47A31CA54BEC4 /* Resources */ = {
			isa = PBXGroup;
			children = (
				12F1C9823B7D241C34392D7F /* Info.plist */,
			);
			name = Resources;
			path = Reclaim/Resources;
			sourceTree = "<group>";
		};
		1D2D6568D4EA0E10D4ED2CD0 /* Products */ = {
			isa = PBXGroup;
			children = (
				3124B4AF7BA1A4F2CFBEF072 /* Reclaim.app */,
				839E763A2B7391BEBAB5DA35 /* ReclaimTests.xctest */,
			);
			name = Products;
			sourceTree = "<group>";
		};
		4B728FBA13701BBB52B504EE = {
			isa = PBXGroup;
			children = (
				FDEDD7356B8CB312B3CD784F /* Reclaim */,
				CD47F0191CA47A31CA54BEC4 /* Resources */,
				99D1564A4ADFDE72E468E7E4 /* ReclaimTests */,
				1D2D6568D4EA0E10D4ED2CD0 /* Products */,
			);
			sourceTree = "<group>";
		};
/* End PBXGroup section */

/* Begin PBXNativeTarget section */
		BCEF38A2FE2454A4AB803F0E /* Reclaim */ = {
			isa = PBXNativeTarget;
			buildConfigurationList = 1D97B77EAD2380603A3F2A82 /* Build configuration list for PBXNativeTarget "Reclaim" */;
			buildPhases = (
				2FB286088BD0BF8AE88E0D78 /* Sources */,
				9E88FEF503C1E40FDF23CCDE /* Frameworks */,
				B156C1E46BE15DE52AC798A1 /* Resources */,
			);
			buildRules = (
			);
			dependencies = (
			);
			name = Reclaim;
			productName = Reclaim;
			productReference = 3124B4AF7BA1A4F2CFBEF072 /* Reclaim.app */;
			productType = "com.apple.product-type.application";
		};
		FE2543782A397A3F356A4BC8 /* ReclaimTests */ = {
			isa = PBXNativeTarget;
			buildConfigurationList = 96375ECE1B94BBE7901BC88B /* Build configuration list for PBXNativeTarget "ReclaimTests" */;
			buildPhases = (
				253B7D7D35FBA95AB93123FF /* Sources */,
				56361F60CA31B6C99997FAC5 /* Frameworks */,
			);
			buildRules = (
			);
			dependencies = (
				6C08398B11607D2B35D93101 /* PBXTargetDependency */,
			);
			name = ReclaimTests;
			productName = ReclaimTests;
			productReference = 839E763A2B7391BEBAB5DA35 /* ReclaimTests.xctest */;
			productType = "com.apple.product-type.bundle.unit-test";
		};
/* End PBXNativeTarget section */

/* Begin PBXProject section */
		AFC74C69B8FAF538E614821C /* Project object */ = {
			isa = PBXProject;
			attributes = {
				BuildIndependentTargetsInParallel = 1;
				LastSwiftUpdateCheck = 1520;
				LastUpgradeCheck = 1520;
				TargetAttributes = {
					BCEF38A2FE2454A4AB803F0E = {
						CreatedOnToolsVersion = 15.2;
					};
					FE2543782A397A3F356A4BC8 = {
						CreatedOnToolsVersion = 15.2;
						TestTargetID = BCEF38A2FE2454A4AB803F0E;
					};
				};
			};
			buildConfigurationList = 1F4E3D13C2320EDA50221924 /* Build configuration list for PBXProject "Reclaim" */;
			compatibilityVersion = "Xcode 14.0";
			developmentRegion = en;
			hasScannedForEncodings = 0;
			knownRegions = (
				en,
				Base,
			);
			mainGroup = 4B728FBA13701BBB52B504EE;
			productRefGroup = 1D2D6568D4EA0E10D4ED2CD0 /* Products */;
			projectDirPath = "";
			projectRoot = "";
			targets = (
				BCEF38A2FE2454A4AB803F0E /* Reclaim */,
				FE2543782A397A3F356A4BC8 /* ReclaimTests */,
			);
		};
/* End PBXProject section */

/* Begin PBXResourcesBuildPhase section */
		B156C1E46BE15DE52AC798A1 /* Resources */ = {
			isa = PBXResourcesBuildPhase;
			buildActionMask = 2147483647;
			files = (
				372C5AB7F380508BA5961D24 /* Info.plist in Resources */,
			);
			runOnlyForDeploymentPostprocessing = 0;
		};
/* End PBXResourcesBuildPhase section */

/* Begin PBXSourcesBuildPhase section */
		2FB286088BD0BF8AE88E0D78 /* Sources */ = {
			isa = PBXSourcesBuildPhase;
			buildActionMask = 2147483647;
			files = (
				ED72C775E70010BD2C3F5353 /* AppEnvironment.swift in Sources */,
				53179175A2B27514AE4FAF10 /* ReclaimApp.swift in Sources */,
				973D5BC87EC0AB896F6BD8D9 /* ReclaimError.swift in Sources */,
				806770C1FBB53C662B5E3800 /* FileManager+Storage.swift in Sources */,
				826F93754D60D3CDEB5648DC /* CleanupSelection.swift in Sources */,
				0F319600AF64A4B68187FCA0 /* ContactCandidate.swift in Sources */,
				4E84236C0617B90CC24645F5 /* Enums.swift in Sources */,
				E90AEB2537B9625C6345BD69 /* PhotoAsset.swift in Sources */,
				FFD4302F1F74720330E5CB3A /* PhotoGroup.swift in Sources */,
				16CA78CA076E9CEC23505B2B /* ScanResult.swift in Sources */,
				041EBC50E3497C66A976D544 /* StorageSummary.swift in Sources */,
				D9F2A05F0FDDC20DAC1C6EB0 /* VideoAsset.swift in Sources */,
				13909B7FF0C4C8D48BCD7746 /* BestPhotoScoring.swift in Sources */,
				9B609221C8F2A647339125F2 /* ByteFormatting.swift in Sources */,
				78B1C230BBD03BB23E4B99C4 /* ContactNormalizer.swift in Sources */,
				3ABC22BFF4B668076A10C58C /* HammingDistance.swift in Sources */,
				1427D1C9DC1BF5719C9C0181 /* NameSimilarity.swift in Sources */,
				2DD186A4388E6C5693EDA10B /* PerceptualHash.swift in Sources */,
				EAC535A7899988B2B60079F1 /* UnionFind.swift in Sources */,
				BE396160CFADE38CA65FCAC9 /* CleanupResultView.swift in Sources */,
				CF991D0791605C3414DDBAF4 /* DashboardView.swift in Sources */,
				8886A91BC946CC6640838C9C /* DashboardViewModel.swift in Sources */,
				0DB4D96C059A5BA1ABDEEF9B /* ReviewStore.swift in Sources */,
				8C1CE8B96BF108AB222D8106 /* ReviewView.swift in Sources */,
				B58865954F54AD411DCBE100 /* ReviewViewModel.swift in Sources */,
				FA27251832687C1B2AB2A523 /* Logging.swift in Sources */,
				5466507165A228D2DDD7C600 /* ScanCache.swift in Sources */,
				1F6A6477A82616502C6EBCC3 /* ThumbnailCache.swift in Sources */,
				B6E4B397152FEA3BC63F564C /* CleanupService.swift in Sources */,
				BD2C2C9FB2C9D1C388A2FC00 /* ContactService.swift in Sources */,
				DC2867D4EA023F9D779690BB /* ContactServiceLive.swift in Sources */,
				E0638F54BDFE4030CB33CEAB /* DuplicateContactDetector.swift in Sources */,
				806B0A8A3E34CFDBB716E8A7 /* DuplicateDetector.swift in Sources */,
				9D0882F7EDEDCE5563AC999D /* ImagePixelExtractor.swift in Sources */,
				D0460DB8CA70392AE68E8BD6 /* PhotoLibraryService.swift in Sources */,
				2F11D47271D44E7B96DA31B2 /* PhotoLibraryServiceLive.swift in Sources */,
				3AA84B4D1ABE96FAB53519DA /* ScreenshotDetector.swift in Sources */,
				B4C4A922214057BED21DC3E6 /* SimilarityDetector.swift in Sources */,
				CDF25C439431B4586F17D5EA /* StorageService.swift in Sources */,
				64EECE693F9C20AAAF813156 /* VideoScanner.swift in Sources */,
				603652A5D26F8D018B95B57F /* PerformCleanupUseCase.swift in Sources */,
				A8D878127E7C96ECC0C53EDB /* ScanContactsUseCase.swift in Sources */,
				7E26E1696E1BFF7CEA2A02B0 /* ScanPhotoLibraryUseCase.swift in Sources */,
			);
			runOnlyForDeploymentPostprocessing = 0;
		};
		253B7D7D35FBA95AB93123FF /* Sources */ = {
			isa = PBXSourcesBuildPhase;
			buildActionMask = 2147483647;
			files = (
				A2D2BD9A3282106B298F25FE /* BestPhotoScoringTests.swift in Sources */,
				F4B2F7C0DC8E374577FAF76C /* CleanupSelectionTests.swift in Sources */,
				5214AB0348E98B53FF1B1355 /* ContactNormalizerTests.swift in Sources */,
				3253F72D3B3165773742B7E3 /* DuplicateContactDetectorTests.swift in Sources */,
				4D41C178E09CFE5625DC6785 /* GroupSelectionInvariantTests.swift in Sources */,
				061F4ABA17BE460529529426 /* HammingDistanceAndClusteringTests.swift in Sources */,
				2EBEF80CA6FAC806962A5B70 /* NameSimilarityTests.swift in Sources */,
				8F07669C27A2F1E9D7A16298 /* PerceptualHashTests.swift in Sources */,
				30CFE50B67CDAE55CC322D8B /* Fakes.swift in Sources */,
				7B646DBB20211A11D981C6BC /* PerformCleanupUseCaseSafetyTests.swift in Sources */,
			);
			runOnlyForDeploymentPostprocessing = 0;
		};
/* End PBXSourcesBuildPhase section */

/* Begin PBXTargetDependency section */
		6C08398B11607D2B35D93101 /* PBXTargetDependency */ = {
			isa = PBXTargetDependency;
			target = BCEF38A2FE2454A4AB803F0E /* Reclaim */;
			targetProxy = 4BB6CD8B805F95608EA3CC07 /* PBXContainerItemProxy */;
		};
/* End PBXTargetDependency section */

/* Begin XCBuildConfiguration section */
		35D0387E8A36F09B2F1874B0 /* Debug */ = {
			isa = XCBuildConfiguration;
			buildSettings = {
				ALWAYS_SEARCH_USER_PATHS = NO;
				CLANG_ANALYZER_NONNULL = YES;
				CLANG_ENABLE_MODULES = YES;
				CLANG_ENABLE_OBJC_ARC = YES;
				CLANG_WARN_DOCUMENTATION_COMMENTS = YES;
				COPY_PHASE_STRIP = NO;
				DEBUG_INFORMATION_FORMAT = dwarf;
				ENABLE_STRICT_OBJC_MSGSEND = YES;
				ENABLE_TESTABILITY = YES;
				GCC_C_LANGUAGE_STANDARD = gnu17;
				GCC_DYNAMIC_NO_PIC = NO;
				GCC_OPTIMIZATION_LEVEL = 0;
				GCC_PREPROCESSOR_DEFINITIONS = (
					"DEBUG=1",
					"$(inherited)",
				);
				IPHONEOS_DEPLOYMENT_TARGET = 17.0;
				MTL_ENABLE_DEBUG_INFO = INCLUDE_SOURCE;
				ONLY_ACTIVE_ARCH = YES;
				SDKROOT = iphoneos;
				SWIFT_ACTIVE_COMPILATION_CONDITIONS = DEBUG;
				SWIFT_OPTIMIZATION_LEVEL = "-Onone";
				SWIFT_VERSION = 5.0;
			};
			name = Debug;
		};
		19B69E46700831D730A5F9AF /* Release */ = {
			isa = XCBuildConfiguration;
			buildSettings = {
				ALWAYS_SEARCH_USER_PATHS = NO;
				CLANG_ANALYZER_NONNULL = YES;
				CLANG_ENABLE_MODULES = YES;
				CLANG_ENABLE_OBJC_ARC = YES;
				COPY_PHASE_STRIP = NO;
				DEBUG_INFORMATION_FORMAT = "dwarf-with-dsym";
				ENABLE_NS_ASSERTIONS = NO;
				ENABLE_STRICT_OBJC_MSGSEND = YES;
				GCC_C_LANGUAGE_STANDARD = gnu17;
				IPHONEOS_DEPLOYMENT_TARGET = 17.0;
				MTL_ENABLE_DEBUG_INFO = NO;
				SDKROOT = iphoneos;
				SWIFT_COMPILATION_MODE = wholemodule;
				SWIFT_OPTIMIZATION_LEVEL = "-O";
				SWIFT_VERSION = 5.0;
				VALIDATE_PRODUCT = YES;
			};
			name = Release;
		};
		5129F47484156CFE0A2B0B98 /* Debug */ = {
			isa = XCBuildConfiguration;
			buildSettings = {
				ASSETCATALOG_COMPILER_APPICON_NAME = AppIcon;
				ASSETCATALOG_COMPILER_GLOBAL_ACCENT_COLOR_NAME = AccentColor;
				CODE_SIGN_STYLE = Automatic;
				CURRENT_PROJECT_VERSION = 1;
				GENERATE_INFOPLIST_FILE = NO;
				INFOPLIST_FILE = Reclaim/Resources/Info.plist;
				INFOPLIST_KEY_UILaunchScreen_Generation = NO;
				LD_RUNPATH_SEARCH_PATHS = (
					"$(inherited)",
					"@executable_path/Frameworks",
				);
				MARKETING_VERSION = 1.0;
				PRODUCT_BUNDLE_IDENTIFIER = com.reclaim.app;
				PRODUCT_NAME = "$(TARGET_NAME)";
				SWIFT_EMIT_LOC_STRINGS = YES;
				SWIFT_VERSION = 5.0;
				TARGETED_DEVICE_FAMILY = "1";
			};
			name = Debug;
		};
		0DC4A93B97866A7C66FF0056 /* Release */ = {
			isa = XCBuildConfiguration;
			buildSettings = {
				ASSETCATALOG_COMPILER_APPICON_NAME = AppIcon;
				ASSETCATALOG_COMPILER_GLOBAL_ACCENT_COLOR_NAME = AccentColor;
				CODE_SIGN_STYLE = Automatic;
				CURRENT_PROJECT_VERSION = 1;
				GENERATE_INFOPLIST_FILE = NO;
				INFOPLIST_FILE = Reclaim/Resources/Info.plist;
				INFOPLIST_KEY_UILaunchScreen_Generation = NO;
				LD_RUNPATH_SEARCH_PATHS = (
					"$(inherited)",
					"@executable_path/Frameworks",
				);
				MARKETING_VERSION = 1.0;
				PRODUCT_BUNDLE_IDENTIFIER = com.reclaim.app;
				PRODUCT_NAME = "$(TARGET_NAME)";
				SWIFT_EMIT_LOC_STRINGS = YES;
				SWIFT_VERSION = 5.0;
				TARGETED_DEVICE_FAMILY = "1";
			};
			name = Release;
		};
		43BC741CE4236F686408D1C0 /* Debug */ = {
			isa = XCBuildConfiguration;
			buildSettings = {
				BUNDLE_LOADER = "$(TEST_HOST)";
				CODE_SIGN_STYLE = Automatic;
				CURRENT_PROJECT_VERSION = 1;
				GENERATE_INFOPLIST_FILE = YES;
				PRODUCT_BUNDLE_IDENTIFIER = com.reclaim.app.tests;
				PRODUCT_NAME = "$(TARGET_NAME)";
				SWIFT_EMIT_LOC_STRINGS = NO;
				SWIFT_VERSION = 5.0;
				TARGETED_DEVICE_FAMILY = "1";
				TEST_HOST = "$(BUILT_PRODUCTS_DIR)/Reclaim.app/Reclaim";
			};
			name = Debug;
		};
		2BEDCF9AB54FB630A577D035 /* Release */ = {
			isa = XCBuildConfiguration;
			buildSettings = {
				BUNDLE_LOADER = "$(TEST_HOST)";
				CODE_SIGN_STYLE = Automatic;
				CURRENT_PROJECT_VERSION = 1;
				GENERATE_INFOPLIST_FILE = YES;
				PRODUCT_BUNDLE_IDENTIFIER = com.reclaim.app.tests;
				PRODUCT_NAME = "$(TARGET_NAME)";
				SWIFT_EMIT_LOC_STRINGS = NO;
				SWIFT_VERSION = 5.0;
				TARGETED_DEVICE_FAMILY = "1";
				TEST_HOST = "$(BUILT_PRODUCTS_DIR)/Reclaim.app/Reclaim";
			};
			name = Release;
		};
/* End XCBuildConfiguration section */

/* Begin XCConfigurationList section */
		1F4E3D13C2320EDA50221924 /* Build configuration list for PBXProject "Reclaim" */ = {
			isa = XCConfigurationList;
			buildConfigurations = (
				35D0387E8A36F09B2F1874B0 /* Debug */,
				19B69E46700831D730A5F9AF /* Release */,
			);
			defaultConfigurationIsVisible = 0;
			defaultConfigurationName = Release;
		};
		1D97B77EAD2380603A3F2A82 /* Build configuration list for PBXNativeTarget "Reclaim" */ = {
			isa = XCConfigurationList;
			buildConfigurations = (
				5129F47484156CFE0A2B0B98 /* Debug */,
				0DC4A93B97866A7C66FF0056 /* Release */,
			);
			defaultConfigurationIsVisible = 0;
			defaultConfigurationName = Release;
		};
		96375ECE1B94BBE7901BC88B /* Build configuration list for PBXNativeTarget "ReclaimTests" */ = {
			isa = XCConfigurationList;
			buildConfigurations = (
				43BC741CE4236F686408D1C0 /* Debug */,
				2BEDCF9AB54FB630A577D035 /* Release */,
			);
			defaultConfigurationIsVisible = 0;
			defaultConfigurationName = Release;
		};
/* End XCConfigurationList section */
	};
	rootObject = AFC74C69B8FAF538E614821C /* Project object */;
}
