// !$*UTF8*$!
{
	archiveVersion = 1;
	classes = {
	};
	objectVersion = 56;
	objects = {

/* Begin PBXBuildFile section */
		6E2149CBF944240A69422756 /* AppEnvironment.swift in Sources */ = {isa = PBXBuildFile; fileRef = 26ABF96A6BC1EB26D0FC8022 /* AppEnvironment.swift */; };
		60758E4BF03A5880C91CAE78 /* ReclaimApp.swift in Sources */ = {isa = PBXBuildFile; fileRef = 196C616D16D23FC6970BB2D2 /* ReclaimApp.swift */; };
		93FE6AA23D4572530E1D2C6E /* ReclaimError.swift in Sources */ = {isa = PBXBuildFile; fileRef = 6158124F076E8802E6615734 /* ReclaimError.swift */; };
		824DCD8F2CC16277DBB35BA5 /* FileManager+Storage.swift in Sources */ = {isa = PBXBuildFile; fileRef = 97D6CC75F67B89BC2992E774 /* FileManager+Storage.swift */; };
		18A00E2580CCFFB30DE7FC6F /* CleanupSelection.swift in Sources */ = {isa = PBXBuildFile; fileRef = 091F819C6167BC18E20B93B1 /* CleanupSelection.swift */; };
		DD1C2995F15CC2685761B907 /* ContactCandidate.swift in Sources */ = {isa = PBXBuildFile; fileRef = A67CA452F50DB303BB1D22FE /* ContactCandidate.swift */; };
		EA062765E263FF1EC213A973 /* Enums.swift in Sources */ = {isa = PBXBuildFile; fileRef = 5B44CB730F0FC3EA06B91D8A /* Enums.swift */; };
		E01F1028C23D761C0FA44CCA /* PhotoAsset.swift in Sources */ = {isa = PBXBuildFile; fileRef = C36D798368598A3AA1B1FE2C /* PhotoAsset.swift */; };
		A4FAA0FC00CF50233C16ECA4 /* PhotoGroup.swift in Sources */ = {isa = PBXBuildFile; fileRef = EE9398CE9EDE06ECC86DCA1F /* PhotoGroup.swift */; };
		E6CB9BC85331CB5B59C65424 /* ScanResult.swift in Sources */ = {isa = PBXBuildFile; fileRef = 335C54EC43B225586C7BBF12 /* ScanResult.swift */; };
		9F850C7E6D71FFD8C28F7656 /* StorageSummary.swift in Sources */ = {isa = PBXBuildFile; fileRef = 4AE64C59720BFA6DEFB5DD04 /* StorageSummary.swift */; };
		54BDD2C2BDDDBBC28BCE3167 /* VideoAsset.swift in Sources */ = {isa = PBXBuildFile; fileRef = C1667151BF38A3F797DE2F12 /* VideoAsset.swift */; };
		0654E97CB6B8462E1F71B440 /* BestPhotoScoring.swift in Sources */ = {isa = PBXBuildFile; fileRef = BACC3E4F0E9A0E6175E1AC5B /* BestPhotoScoring.swift */; };
		7658D69BA92B177EBACB8B93 /* ByteFormatting.swift in Sources */ = {isa = PBXBuildFile; fileRef = 392677367628C8B5DA7777D5 /* ByteFormatting.swift */; };
		C36849C6F78C6475363703C7 /* ContactNormalizer.swift in Sources */ = {isa = PBXBuildFile; fileRef = 208FBF6DAF3C37A39DE9E195 /* ContactNormalizer.swift */; };
		CC3BBDB8490FD3856A37D730 /* HammingDistance.swift in Sources */ = {isa = PBXBuildFile; fileRef = D74E929CA039287DB46B431B /* HammingDistance.swift */; };
		3EB1C26C1FBAD4EE5D9AC440 /* MediaFormatting.swift in Sources */ = {isa = PBXBuildFile; fileRef = 3DE2AA2ADC1025D3F15A8221 /* MediaFormatting.swift */; };
		85176824B9DE15537EFC8CF1 /* NameSimilarity.swift in Sources */ = {isa = PBXBuildFile; fileRef = 37F49DDA8E4F5981A82B105E /* NameSimilarity.swift */; };
		05FB2A2B803D2C1AAFD94180 /* PerceptualHash.swift in Sources */ = {isa = PBXBuildFile; fileRef = 62BD8BC0D88F1C6A9B1F91D5 /* PerceptualHash.swift */; };
		311408B89E1B95BDF4D98898 /* UnionFind.swift in Sources */ = {isa = PBXBuildFile; fileRef = E51CDCC0AA3B92C07C2572BD /* UnionFind.swift */; };
		CC88BA6EA6DAEA7CEBC4A6F3 /* CleanupResultView.swift in Sources */ = {isa = PBXBuildFile; fileRef = 8CEB2E49E175F13CDEFF8787 /* CleanupResultView.swift */; };
		5A5FD5CB7649AF3DB3CBD3DF /* DashboardView.swift in Sources */ = {isa = PBXBuildFile; fileRef = B71EA5208A4CCDB7D6A08D82 /* DashboardView.swift */; };
		14884CF19DA8B40BC38A7FC2 /* DashboardViewModel.swift in Sources */ = {isa = PBXBuildFile; fileRef = 22A04A123B472064A07D69AE /* DashboardViewModel.swift */; };
		4723629945E193C69BF97255 /* PhotoGroupDetailView.swift in Sources */ = {isa = PBXBuildFile; fileRef = 7804C2C3E6AC98548039B645 /* PhotoGroupDetailView.swift */; };
		7F79A3DB8EC8270136D271DE /* PhotoGroupsView.swift in Sources */ = {isa = PBXBuildFile; fileRef = 24AEC2AC490AB494B14D3802 /* PhotoGroupsView.swift */; };
		82746900DC7E4F22E944A761 /* ReviewStore.swift in Sources */ = {isa = PBXBuildFile; fileRef = 223433B73CCC3B4ADA40A34C /* ReviewStore.swift */; };
		925A902AEEAD2DE84DDD537E /* ReviewView.swift in Sources */ = {isa = PBXBuildFile; fileRef = 1EEA408CCAA34532F32B8923 /* ReviewView.swift */; };
		A8C82CC257A118369E236D9D /* ReviewViewModel.swift in Sources */ = {isa = PBXBuildFile; fileRef = 7073A72CE99963F4165C6262 /* ReviewViewModel.swift */; };
		DABC631544EBF564E8E808C1 /* Logging.swift in Sources */ = {isa = PBXBuildFile; fileRef = EBF77E52D261A1AAF121C0DA /* Logging.swift */; };
		14B8C3C99D8592A5CEF6F22A /* ScanCache.swift in Sources */ = {isa = PBXBuildFile; fileRef = 26359014B9A07C516659BAA4 /* ScanCache.swift */; };
		EBA075D649596EB3ED2BC630 /* ThumbnailCache.swift in Sources */ = {isa = PBXBuildFile; fileRef = 7BCBC4D7F589F93CD2C5B95E /* ThumbnailCache.swift */; };
		1186440EE76E8262746894F5 /* CleanupService.swift in Sources */ = {isa = PBXBuildFile; fileRef = 066E3CBAD8C9BB354E7AE2A8 /* CleanupService.swift */; };
		68240B75DC178185C6967477 /* ContactService.swift in Sources */ = {isa = PBXBuildFile; fileRef = 9F8EBA838A52AE9B44706BAE /* ContactService.swift */; };
		C1E659EAF32CA2F286D3A25A /* ContactServiceLive.swift in Sources */ = {isa = PBXBuildFile; fileRef = 5A6AEC1D88F2A224523C3BF7 /* ContactServiceLive.swift */; };
		BCFFC27BB5C61543DFDB9325 /* DuplicateContactDetector.swift in Sources */ = {isa = PBXBuildFile; fileRef = FB845BE32625ADCA4D81F7D6 /* DuplicateContactDetector.swift */; };
		46B486FD76B1A99D70FDD1FA /* DuplicateDetector.swift in Sources */ = {isa = PBXBuildFile; fileRef = 451DF5C8545A37596B9673C2 /* DuplicateDetector.swift */; };
		E90E62D2AF89DFB10495105F /* ImagePixelExtractor.swift in Sources */ = {isa = PBXBuildFile; fileRef = FE1840475E026617895915FD /* ImagePixelExtractor.swift */; };
		D25C90736627030EC20183C3 /* PhotoLibraryService.swift in Sources */ = {isa = PBXBuildFile; fileRef = F18B268ACF503F53E57FD3DA /* PhotoLibraryService.swift */; };
		DCA9FACDE387DBC08BFDFF22 /* PhotoLibraryServiceLive.swift in Sources */ = {isa = PBXBuildFile; fileRef = F7F8C8F6678BA35E60D5E75D /* PhotoLibraryServiceLive.swift */; };
		F30C98E5187967604F5A1918 /* ScreenshotDetector.swift in Sources */ = {isa = PBXBuildFile; fileRef = 1E121632C90AE502A8B3FFB0 /* ScreenshotDetector.swift */; };
		9B8E48CA4C161D9909D14AF1 /* SimilarityDetector.swift in Sources */ = {isa = PBXBuildFile; fileRef = C7CE4C2AD67D4394A7102A64 /* SimilarityDetector.swift */; };
		937DF79303E31978173055E6 /* StorageService.swift in Sources */ = {isa = PBXBuildFile; fileRef = F542F7918DA6D4796E7C6950 /* StorageService.swift */; };
		6DFD6F01643FBFBAF9D1060B /* VideoScanner.swift in Sources */ = {isa = PBXBuildFile; fileRef = 3C1967842C129D673D9C9DBE /* VideoScanner.swift */; };
		F17777D9B0DC4479C3B46E66 /* AppEnvironmentKey.swift in Sources */ = {isa = PBXBuildFile; fileRef = 832D222A13F7D56C46E3223C /* AppEnvironmentKey.swift */; };
		EDDFA095F49D555F2A3F2094 /* AssetThumbnailView.swift in Sources */ = {isa = PBXBuildFile; fileRef = A47B62AEE23558E4851BE79E /* AssetThumbnailView.swift */; };
		4EF621C38A323F282279E23E /* PerformCleanupUseCase.swift in Sources */ = {isa = PBXBuildFile; fileRef = F4C7BE5447C2C6EA506AFBC8 /* PerformCleanupUseCase.swift */; };
		8F0ED228844FD52FFCB82AB9 /* ScanContactsUseCase.swift in Sources */ = {isa = PBXBuildFile; fileRef = 2D9D05999C041F7398640374 /* ScanContactsUseCase.swift */; };
		3E1C13B28779BE4907DC5F09 /* ScanPhotoLibraryUseCase.swift in Sources */ = {isa = PBXBuildFile; fileRef = D51594CF5FA3B300EB31CFA3 /* ScanPhotoLibraryUseCase.swift */; };
		7528FB88FEB447EDC50BE80F /* BestPhotoScoringTests.swift in Sources */ = {isa = PBXBuildFile; fileRef = 85113CBC31B683578A9EC5C1 /* BestPhotoScoringTests.swift */; };
		070F2D68A21E415CB1C97B94 /* CleanupSelectionTests.swift in Sources */ = {isa = PBXBuildFile; fileRef = 5BBCD25A490C0ED3E15D3354 /* CleanupSelectionTests.swift */; };
		FFBD546F24B6E36FFB3DFE0A /* ContactNormalizerTests.swift in Sources */ = {isa = PBXBuildFile; fileRef = 3556AA20F27C4469EE1146C3 /* ContactNormalizerTests.swift */; };
		6DA11FC152F405284A99A4E0 /* DuplicateContactDetectorTests.swift in Sources */ = {isa = PBXBuildFile; fileRef = 4F2C1AF2C729CC2061C4E4A9 /* DuplicateContactDetectorTests.swift */; };
		5157B6257ABD4FA17A48D841 /* GroupSelectionInvariantTests.swift in Sources */ = {isa = PBXBuildFile; fileRef = 65252D24EEEE7176B3EB8A44 /* GroupSelectionInvariantTests.swift */; };
		229D46B5F08B9545BA0B6A2E /* HammingDistanceAndClusteringTests.swift in Sources */ = {isa = PBXBuildFile; fileRef = E4E5CC447148DAA7E5ADD2E0 /* HammingDistanceAndClusteringTests.swift */; };
		2A2DEA97A9C06D55F0470843 /* MediaFormattingTests.swift in Sources */ = {isa = PBXBuildFile; fileRef = 457C79DC92C2B2A3C261FF0B /* MediaFormattingTests.swift */; };
		C99492313549B3FE9E5A4B15 /* NameSimilarityTests.swift in Sources */ = {isa = PBXBuildFile; fileRef = 17C7ACDD53D6E73B464A05B1 /* NameSimilarityTests.swift */; };
		C9138832610F488C40657BEC /* PerceptualHashTests.swift in Sources */ = {isa = PBXBuildFile; fileRef = 94CBE629CA83545ED9FEE835 /* PerceptualHashTests.swift */; };
		769D5E93B3994080707D0748 /* Fakes.swift in Sources */ = {isa = PBXBuildFile; fileRef = 982EE15122523FA6021937DA /* Fakes.swift */; };
		C9890D8653E52274319C9035 /* PerformCleanupUseCaseSafetyTests.swift in Sources */ = {isa = PBXBuildFile; fileRef = 43AD7196254FF477A4BAEDD7 /* PerformCleanupUseCaseSafetyTests.swift */; };
		7D1DBA83F5517888388F38D2 /* Assets.xcassets in Resources */ = {isa = PBXBuildFile; fileRef = F4520D96AC0EDB42E750BB2B /* Assets.xcassets */; }
		B8D0AA1162829813FF4F44E6 /* Reclaim.app in Frameworks */ = {isa = PBXBuildFile; fileRef = 3124B4AF7BA1A4F2CFBEF072 /* Reclaim.app */; };
/* End PBXBuildFile section */

/* Begin PBXContainerItemProxy section */
		4BB6CD8B805F95608EA3CC07 /* PBXContainerItemProxy */ = {
			isa = PBXContainerItemProxy;
			containerPortal = AFC74C69B8FAF538E614821C /* Project object */;
			proxyType = 1;
			remoteGlobalIDString = BCEF38A2FE2454A4AB803F0E;
			remoteInfo = Reclaim;
		};
/* End PBXContainerItemProxy section */

/* Begin PBXFileReference section */
		26ABF96A6BC1EB26D0FC8022 /* AppEnvironment.swift */ = {isa = PBXFileReference; lastKnownFileType = sourcecode.swift; path = AppEnvironment.swift; sourceTree = "<group>"; };
		196C616D16D23FC6970BB2D2 /* ReclaimApp.swift */ = {isa = PBXFileReference; lastKnownFileType = sourcecode.swift; path = ReclaimApp.swift; sourceTree = "<group>"; };
		6158124F076E8802E6615734 /* ReclaimError.swift */ = {isa = PBXFileReference; lastKnownFileType = sourcecode.swift; path = ReclaimError.swift; sourceTree = "<group>"; };
		97D6CC75F67B89BC2992E774 /* FileManager+Storage.swift */ = {isa = PBXFileReference; lastKnownFileType = sourcecode.swift; path = FileManager+Storage.swift; sourceTree = "<group>"; };
		091F819C6167BC18E20B93B1 /* CleanupSelection.swift */ = {isa = PBXFileReference; lastKnownFileType = sourcecode.swift; path = CleanupSelection.swift; sourceTree = "<group>"; };
		A67CA452F50DB303BB1D22FE /* ContactCandidate.swift */ = {isa = PBXFileReference; lastKnownFileType = sourcecode.swift; path = ContactCandidate.swift; sourceTree = "<group>"; };
		5B44CB730F0FC3EA06B91D8A /* Enums.swift */ = {isa = PBXFileReference; lastKnownFileType = sourcecode.swift; path = Enums.swift; sourceTree = "<group>"; };
		C36D798368598A3AA1B1FE2C /* PhotoAsset.swift */ = {isa = PBXFileReference; lastKnownFileType = sourcecode.swift; path = PhotoAsset.swift; sourceTree = "<group>"; };
		EE9398CE9EDE06ECC86DCA1F /* PhotoGroup.swift */ = {isa = PBXFileReference; lastKnownFileType = sourcecode.swift; path = PhotoGroup.swift; sourceTree = "<group>"; };
		335C54EC43B225586C7BBF12 /* ScanResult.swift */ = {isa = PBXFileReference; lastKnownFileType = sourcecode.swift; path = ScanResult.swift; sourceTree = "<group>"; };
		4AE64C59720BFA6DEFB5DD04 /* StorageSummary.swift */ = {isa = PBXFileReference; lastKnownFileType = sourcecode.swift; path = StorageSummary.swift; sourceTree = "<group>"; };
		C1667151BF38A3F797DE2F12 /* VideoAsset.swift */ = {isa = PBXFileReference; lastKnownFileType = sourcecode.swift; path = VideoAsset.swift; sourceTree = "<group>"; };
		BACC3E4F0E9A0E6175E1AC5B /* BestPhotoScoring.swift */ = {isa = PBXFileReference; lastKnownFileType = sourcecode.swift; path = BestPhotoScoring.swift; sourceTree = "<group>"; };
		392677367628C8B5DA7777D5 /* ByteFormatting.swift */ = {isa = PBXFileReference; lastKnownFileType = sourcecode.swift; path = ByteFormatting.swift; sourceTree = "<group>"; };
		208FBF6DAF3C37A39DE9E195 /* ContactNormalizer.swift */ = {isa = PBXFileReference; lastKnownFileType = sourcecode.swift; path = ContactNormalizer.swift; sourceTree = "<group>"; };
		D74E929CA039287DB46B431B /* HammingDistance.swift */ = {isa = PBXFileReference; lastKnownFileType = sourcecode.swift; path = HammingDistance.swift; sourceTree = "<group>"; };
		3DE2AA2ADC1025D3F15A8221 /* MediaFormatting.swift */ = {isa = PBXFileReference; lastKnownFileType = sourcecode.swift; path = MediaFormatting.swift; sourceTree = "<group>"; };
		37F49DDA8E4F5981A82B105E /* NameSimilarity.swift */ = {isa = PBXFileReference; lastKnownFileType = sourcecode.swift; path = NameSimilarity.swift; sourceTree = "<group>"; };
		62BD8BC0D88F1C6A9B1F91D5 /* PerceptualHash.swift */ = {isa = PBXFileReference; lastKnownFileType = sourcecode.swift; path = PerceptualHash.swift; sourceTree = "<group>"; };
		E51CDCC0AA3B92C07C2572BD /* UnionFind.swift */ = {isa = PBXFileReference; lastKnownFileType = sourcecode.swift; path = UnionFind.swift; sourceTree = "<group>"; };
		8CEB2E49E175F13CDEFF8787 /* CleanupResultView.swift */ = {isa = PBXFileReference; lastKnownFileType = sourcecode.swift; path = CleanupResultView.swift; sourceTree = "<group>"; };
		B71EA5208A4CCDB7D6A08D82 /* DashboardView.swift */ = {isa = PBXFileReference; lastKnownFileType = sourcecode.swift; path = DashboardView.swift; sourceTree = "<group>"; };
		22A04A123B472064A07D69AE /* DashboardViewModel.swift */ = {isa = PBXFileReference; lastKnownFileType = sourcecode.swift; path = DashboardViewModel.swift; sourceTree = "<group>"; };
		7804C2C3E6AC98548039B645 /* PhotoGroupDetailView.swift */ = {isa = PBXFileReference; lastKnownFileType = sourcecode.swift; path = PhotoGroupDetailView.swift; sourceTree = "<group>"; };
		24AEC2AC490AB494B14D3802 /* PhotoGroupsView.swift */ = {isa = PBXFileReference; lastKnownFileType = sourcecode.swift; path = PhotoGroupsView.swift; sourceTree = "<group>"; };
		223433B73CCC3B4ADA40A34C /* ReviewStore.swift */ = {isa = PBXFileReference; lastKnownFileType = sourcecode.swift; path = ReviewStore.swift; sourceTree = "<group>"; };
		1EEA408CCAA34532F32B8923 /* ReviewView.swift */ = {isa = PBXFileReference; lastKnownFileType = sourcecode.swift; path = ReviewView.swift; sourceTree = "<group>"; };
		7073A72CE99963F4165C6262 /* ReviewViewModel.swift */ = {isa = PBXFileReference; lastKnownFileType = sourcecode.swift; path = ReviewViewModel.swift; sourceTree = "<group>"; };
		EBF77E52D261A1AAF121C0DA /* Logging.swift */ = {isa = PBXFileReference; lastKnownFileType = sourcecode.swift; path = Logging.swift; sourceTree = "<group>"; };
		26359014B9A07C516659BAA4 /* ScanCache.swift */ = {isa = PBXFileReference; lastKnownFileType = sourcecode.swift; path = ScanCache.swift; sourceTree = "<group>"; };
		7BCBC4D7F589F93CD2C5B95E /* ThumbnailCache.swift */ = {isa = PBXFileReference; lastKnownFileType = sourcecode.swift; path = ThumbnailCache.swift; sourceTree = "<group>"; };
		066E3CBAD8C9BB354E7AE2A8 /* CleanupService.swift */ = {isa = PBXFileReference; lastKnownFileType = sourcecode.swift; path = CleanupService.swift; sourceTree = "<group>"; };
		9F8EBA838A52AE9B44706BAE /* ContactService.swift */ = {isa = PBXFileReference; lastKnownFileType = sourcecode.swift; path = ContactService.swift; sourceTree = "<group>"; };
		5A6AEC1D88F2A224523C3BF7 /* ContactServiceLive.swift */ = {isa = PBXFileReference; lastKnownFileType = sourcecode.swift; path = ContactServiceLive.swift; sourceTree = "<group>"; };
		FB845BE32625ADCA4D81F7D6 /* DuplicateContactDetector.swift */ = {isa = PBXFileReference; lastKnownFileType = sourcecode.swift; path = DuplicateContactDetector.swift; sourceTree = "<group>"; };
		451DF5C8545A37596B9673C2 /* DuplicateDetector.swift */ = {isa = PBXFileReference; lastKnownFileType = sourcecode.swift; path = DuplicateDetector.swift; sourceTree = "<group>"; };
		FE1840475E026617895915FD /* ImagePixelExtractor.swift */ = {isa = PBXFileReference; lastKnownFileType = sourcecode.swift; path = ImagePixelExtractor.swift; sourceTree = "<group>"; };
		F18B268ACF503F53E57FD3DA /* PhotoLibraryService.swift */ = {isa = PBXFileReference; lastKnownFileType = sourcecode.swift; path = PhotoLibraryService.swift; sourceTree = "<group>"; };
		F7F8C8F6678BA35E60D5E75D /* PhotoLibraryServiceLive.swift */ = {isa = PBXFileReference; lastKnownFileType = sourcecode.swift; path = PhotoLibraryServiceLive.swift; sourceTree = "<group>"; };
		1E121632C90AE502A8B3FFB0 /* ScreenshotDetector.swift */ = {isa = PBXFileReference; lastKnownFileType = sourcecode.swift; path = ScreenshotDetector.swift; sourceTree = "<group>"; };
		C7CE4C2AD67D4394A7102A64 /* SimilarityDetector.swift */ = {isa = PBXFileReference; lastKnownFileType = sourcecode.swift; path = SimilarityDetector.swift; sourceTree = "<group>"; };
		F542F7918DA6D4796E7C6950 /* StorageService.swift */ = {isa = PBXFileReference; lastKnownFileType = sourcecode.swift; path = StorageService.swift; sourceTree = "<group>"; };
		3C1967842C129D673D9C9DBE /* VideoScanner.swift */ = {isa = PBXFileReference; lastKnownFileType = sourcecode.swift; path = VideoScanner.swift; sourceTree = "<group>"; };
		832D222A13F7D56C46E3223C /* AppEnvironmentKey.swift */ = {isa = PBXFileReference; lastKnownFileType = sourcecode.swift; path = AppEnvironmentKey.swift; sourceTree = "<group>"; };
		A47B62AEE23558E4851BE79E /* AssetThumbnailView.swift */ = {isa = PBXFileReference; lastKnownFileType = sourcecode.swift; path = AssetThumbnailView.swift; sourceTree = "<group>"; };
		F4C7BE5447C2C6EA506AFBC8 /* PerformCleanupUseCase.swift */ = {isa = PBXFileReference; lastKnownFileType = sourcecode.swift; path = PerformCleanupUseCase.swift; sourceTree = "<group>"; };
		2D9D05999C041F7398640374 /* ScanContactsUseCase.swift */ = {isa = PBXFileReference; lastKnownFileType = sourcecode.swift; path = ScanContactsUseCase.swift; sourceTree = "<group>"; };
		D51594CF5FA3B300EB31CFA3 /* ScanPhotoLibraryUseCase.swift */ = {isa = PBXFileReference; lastKnownFileType = sourcecode.swift; path = ScanPhotoLibraryUseCase.swift; sourceTree = "<group>"; };
		85113CBC31B683578A9EC5C1 /* BestPhotoScoringTests.swift */ = {isa = PBXFileReference; lastKnownFileType = sourcecode.swift; path = BestPhotoScoringTests.swift; sourceTree = "<group>"; };
		5BBCD25A490C0ED3E15D3354 /* CleanupSelectionTests.swift */ = {isa = PBXFileReference; lastKnownFileType = sourcecode.swift; path = CleanupSelectionTests.swift; sourceTree = "<group>"; };
		3556AA20F27C4469EE1146C3 /* ContactNormalizerTests.swift */ = {isa = PBXFileReference; lastKnownFileType = sourcecode.swift; path = ContactNormalizerTests.swift; sourceTree = "<group>"; };
		4F2C1AF2C729CC2061C4E4A9 /* DuplicateContactDetectorTests.swift */ = {isa = PBXFileReference; lastKnownFileType = sourcecode.swift; path = DuplicateContactDetectorTests.swift; sourceTree = "<group>"; };
		65252D24EEEE7176B3EB8A44 /* GroupSelectionInvariantTests.swift */ = {isa = PBXFileReference; lastKnownFileType = sourcecode.swift; path = GroupSelectionInvariantTests.swift; sourceTree = "<group>"; };
		E4E5CC447148DAA7E5ADD2E0 /* HammingDistanceAndClusteringTests.swift */ = {isa = PBXFileReference; lastKnownFileType = sourcecode.swift; path = HammingDistanceAndClusteringTests.swift; sourceTree = "<group>"; };
		457C79DC92C2B2A3C261FF0B /* MediaFormattingTests.swift */ = {isa = PBXFileReference; lastKnownFileType = sourcecode.swift; path = MediaFormattingTests.swift; sourceTree = "<group>"; };
		17C7ACDD53D6E73B464A05B1 /* NameSimilarityTests.swift */ = {isa = PBXFileReference; lastKnownFileType = sourcecode.swift; path = NameSimilarityTests.swift; sourceTree = "<group>"; };
		94CBE629CA83545ED9FEE835 /* PerceptualHashTests.swift */ = {isa = PBXFileReference; lastKnownFileType = sourcecode.swift; path = PerceptualHashTests.swift; sourceTree = "<group>"; };
		982EE15122523FA6021937DA /* Fakes.swift */ = {isa = PBXFileReference; lastKnownFileType = sourcecode.swift; path = Fakes.swift; sourceTree = "<group>"; };
		43AD7196254FF477A4BAEDD7 /* PerformCleanupUseCaseSafetyTests.swift */ = {isa = PBXFileReference; lastKnownFileType = sourcecode.swift; path = PerformCleanupUseCaseSafetyTests.swift; sourceTree = "<group>"; };
		12F1C9823B7D241C34392D7F /* Info.plist */ = {isa = PBXFileReference; lastKnownFileType = text.plist.xml; path = Info.plist; sourceTree = "<group>"; };
		F4520D96AC0EDB42E750BB2B /* Assets.xcassets */ = {isa = PBXFileReference; lastKnownFileType = folder.assetcatalog; path = Assets.xcassets; sourceTree = "<group>"; };
		3124B4AF7BA1A4F2CFBEF072 /* Reclaim.app */ = {isa = PBXFileReference; explicitFileType = wrapper.application; includeInIndex = 0; path = Reclaim.app; sourceTree = BUILT_PRODUCTS_DIR; };
		839E763A2B7391BEBAB5DA35 /* ReclaimTests.xctest */ = {isa = PBXFileReference; explicitFileType = wrapper.cfbundle; includeInIndex = 0; path = ReclaimTests.xctest; sourceTree = BUILT_PRODUCTS_DIR; };
/* End PBXFileReference section */

/* Begin PBXFrameworksBuildPhase section */
		9E88FEF503C1E40FDF23CCDE /* Frameworks */ = {
			isa = PBXFrameworksBuildPhase;
			buildActionMask = 2147483647;
			files = (
			);
			runOnlyForDeploymentPostprocessing = 0;
		};
		56361F60CA31B6C99997FAC5 /* Frameworks */ = {
			isa = PBXFrameworksBuildPhase;
			buildActionMask = 2147483647;
			files = (
				B8D0AA1162829813FF4F44E6 /* Reclaim.app in Frameworks */,
			);
			runOnlyForDeploymentPostprocessing = 0;
		};
/* End PBXFrameworksBuildPhase section */

/* Begin PBXGroup section */
		FC651386BA2E14F90AF6A049 /* App */ = {
			isa = PBXGroup;
			children = (
				26ABF96A6BC1EB26D0FC8022 /* AppEnvironment.swift */,
				196C616D16D23FC6970BB2D2 /* ReclaimApp.swift */,
			);
			path = App;
			sourceTree = "<group>";
		};
		72CC8ED24E964483515162CB /* Errors */ = {
			isa = PBXGroup;
			children = (
				6158124F076E8802E6615734 /* ReclaimError.swift */,
			);
			path = Errors;
			sourceTree = "<group>";
		};
		9D64E0CC32528C41CAFF97AB /* Extensions */ = {
			isa = PBXGroup;
			children = (
				97D6CC75F67B89BC2992E774 /* FileManager+Storage.swift */,
			);
			path = Extensions;
			sourceTree = "<group>";
		};
		B95B57B79C367F38A9750151 /* Models */ = {
			isa = PBXGroup;
			children = (
				091F819C6167BC18E20B93B1 /* CleanupSelection.swift */,
				A67CA452F50DB303BB1D22FE /* ContactCandidate.swift */,
				5B44CB730F0FC3EA06B91D8A /* Enums.swift */,
				C36D798368598A3AA1B1FE2C /* PhotoAsset.swift */,
				EE9398CE9EDE06ECC86DCA1F /* PhotoGroup.swift */,
				335C54EC43B225586C7BBF12 /* ScanResult.swift */,
				4AE64C59720BFA6DEFB5DD04 /* StorageSummary.swift */,
				C1667151BF38A3F797DE2F12 /* VideoAsset.swift */,
			);
			path = Models;
			sourceTree = "<group>";
		};
		F862F3B0AA104CC715480482 /* Utilities */ = {
			isa = PBXGroup;
			children = (
				BACC3E4F0E9A0E6175E1AC5B /* BestPhotoScoring.swift */,
				392677367628C8B5DA7777D5 /* ByteFormatting.swift */,
				208FBF6DAF3C37A39DE9E195 /* ContactNormalizer.swift */,
				D74E929CA039287DB46B431B /* HammingDistance.swift */,
				3DE2AA2ADC1025D3F15A8221 /* MediaFormatting.swift */,
				37F49DDA8E4F5981A82B105E /* NameSimilarity.swift */,
				62BD8BC0D88F1C6A9B1F91D5 /* PerceptualHash.swift */,
				E51CDCC0AA3B92C07C2572BD /* UnionFind.swift */,
			);
			path = Utilities;
			sourceTree = "<group>";
		};
		BBD2A521FE1374CACF9825F8 /* Core */ = {
			isa = PBXGroup;
			children = (
				72CC8ED24E964483515162CB /* Errors */,
				9D64E0CC32528C41CAFF97AB /* Extensions */,
				B95B57B79C367F38A9750151 /* Models */,
				F862F3B0AA104CC715480482 /* Utilities */,
			);
			path = Core;
			sourceTree = "<group>";
		};
		CCE6F7EC8D311D414CFC8CAE /* CleanupResult */ = {
			isa = PBXGroup;
			children = (
				8CEB2E49E175F13CDEFF8787 /* CleanupResultView.swift */,
			);
			path = CleanupResult;
			sourceTree = "<group>";
		};
		FC05186B66B6E779B600F55D /* Dashboard */ = {
			isa = PBXGroup;
			children = (
				B71EA5208A4CCDB7D6A08D82 /* DashboardView.swift */,
				22A04A123B472064A07D69AE /* DashboardViewModel.swift */,
			);
			path = Dashboard;
			sourceTree = "<group>";
		};
		AF3BCDA1F0C4639F80587DFA /* PhotoCleanup */ = {
			isa = PBXGroup;
			children = (
				7804C2C3E6AC98548039B645 /* PhotoGroupDetailView.swift */,
				24AEC2AC490AB494B14D3802 /* PhotoGroupsView.swift */,
			);
			path = PhotoCleanup;
			sourceTree = "<group>";
		};
		DF305BE7B2DC11FBCC66DA79 /* Review */ = {
			isa = PBXGroup;
			children = (
				223433B73CCC3B4ADA40A34C /* ReviewStore.swift */,
				1EEA408CCAA34532F32B8923 /* ReviewView.swift */,
				7073A72CE99963F4165C6262 /* ReviewViewModel.swift */,
			);
			path = Review;
			sourceTree = "<group>";
		};
		4F6270314438F1D7DB9453AF /* Features */ = {
			isa = PBXGroup;
			children = (
				CCE6F7EC8D311D414CFC8CAE /* CleanupResult */,
				FC05186B66B6E779B600F55D /* Dashboard */,
				AF3BCDA1F0C4639F80587DFA /* PhotoCleanup */,
				DF305BE7B2DC11FBCC66DA79 /* Review */,
			);
			path = Features;
			sourceTree = "<group>";
		};
		3512200041B2DB83E38E6BD6 /* Infrastructure */ = {
			isa = PBXGroup;
			children = (
				EBF77E52D261A1AAF121C0DA /* Logging.swift */,
				26359014B9A07C516659BAA4 /* ScanCache.swift */,
				7BCBC4D7F589F93CD2C5B95E /* ThumbnailCache.swift */,
			);
			path = Infrastructure;
			sourceTree = "<group>";
		};
		058C7153F688C23B308D13EC /* Services */ = {
			isa = PBXGroup;
			children = (
				066E3CBAD8C9BB354E7AE2A8 /* CleanupService.swift */,
				9F8EBA838A52AE9B44706BAE /* ContactService.swift */,
				5A6AEC1D88F2A224523C3BF7 /* ContactServiceLive.swift */,
				FB845BE32625ADCA4D81F7D6 /* DuplicateContactDetector.swift */,
				451DF5C8545A37596B9673C2 /* DuplicateDetector.swift */,
				FE1840475E026617895915FD /* ImagePixelExtractor.swift */,
				F18B268ACF503F53E57FD3DA /* PhotoLibraryService.swift */,
				F7F8C8F6678BA35E60D5E75D /* PhotoLibraryServiceLive.swift */,
				1E121632C90AE502A8B3FFB0 /* ScreenshotDetector.swift */,
				C7CE4C2AD67D4394A7102A64 /* SimilarityDetector.swift */,
				F542F7918DA6D4796E7C6950 /* StorageService.swift */,
				3C1967842C129D673D9C9DBE /* VideoScanner.swift */,
			);
			path = Services;
			sourceTree = "<group>";
		};
		233E55E767ACAB8A8FE0EA45 /* Components */ = {
			isa = PBXGroup;
			children = (
				832D222A13F7D56C46E3223C /* AppEnvironmentKey.swift */,
				A47B62AEE23558E4851BE79E /* AssetThumbnailView.swift */,
			);
			path = Components;
			sourceTree = "<group>";
		};
		1A6966E76803798BFC617BA5 /* UI */ = {
			isa = PBXGroup;
			children = (
				233E55E767ACAB8A8FE0EA45 /* Components */,
			);
			path = UI;
			sourceTree = "<group>";
		};
		C6C800E16AF22650B4E74358 /* UseCases */ = {
			isa = PBXGroup;
			children = (
				F4C7BE5447C2C6EA506AFBC8 /* PerformCleanupUseCase.swift */,
				2D9D05999C041F7398640374 /* ScanContactsUseCase.swift */,
				D51594CF5FA3B300EB31CFA3 /* ScanPhotoLibraryUseCase.swift */,
			);
			path = UseCases;
			sourceTree = "<group>";
		};
		FDEDD7356B8CB312B3CD784F /* Reclaim */ = {
			isa = PBXGroup;
			children = (
				FC651386BA2E14F90AF6A049 /* App */,
				BBD2A521FE1374CACF9825F8 /* Core */,
				4F6270314438F1D7DB9453AF /* Features */,
				3512200041B2DB83E38E6BD6 /* Infrastructure */,
				058C7153F688C23B308D13EC /* Services */,
				1A6966E76803798BFC617BA5 /* UI */,
				C6C800E16AF22650B4E74358 /* UseCases */,
			);
			path = Reclaim;
			sourceTree = "<group>";
		};
		49E9C9ECF15493C23E485DE5 /* CoreTests */ = {
			isa = PBXGroup;
			children = (
				85113CBC31B683578A9EC5C1 /* BestPhotoScoringTests.swift */,
				5BBCD25A490C0ED3E15D3354 /* CleanupSelectionTests.swift */,
				3556AA20F27C4469EE1146C3 /* ContactNormalizerTests.swift */,
				4F2C1AF2C729CC2061C4E4A9 /* DuplicateContactDetectorTests.swift */,
				65252D24EEEE7176B3EB8A44 /* GroupSelectionInvariantTests.swift */,
				E4E5CC447148DAA7E5ADD2E0 /* HammingDistanceAndClusteringTests.swift */,
				457C79DC92C2B2A3C261FF0B /* MediaFormattingTests.swift */,
				17C7ACDD53D6E73B464A05B1 /* NameSimilarityTests.swift */,
				94CBE629CA83545ED9FEE835 /* PerceptualHashTests.swift */,
			);
			path = CoreTests;
			sourceTree = "<group>";
		};
		BA095D8E37EC0B1F693840BF /* SafetyTests */ = {
			isa = PBXGroup;
			children = (
				982EE15122523FA6021937DA /* Fakes.swift */,
				43AD7196254FF477A4BAEDD7 /* PerformCleanupUseCaseSafetyTests.swift */,
			);
			path = SafetyTests;
			sourceTree = "<group>";
		};
		99D1564A4ADFDE72E468E7E4 /* ReclaimTests */ = {
			isa = PBXGroup;
			children = (
				49E9C9ECF15493C23E485DE5 /* CoreTests */,
				BA095D8E37EC0B1F693840BF /* SafetyTests */,
			);
			path = ReclaimTests;
			sourceTree = "<group>";
		};
		CD47F0191CA47A31CA54BEC4 /* Resources */ = {
			isa = PBXGroup;
			children = (
				12F1C9823B7D241C34392D7F /* Info.plist */,
				F4520D96AC0EDB42E750BB2B /* Assets.xcassets */,
			);
			name = Resources;
			path = Reclaim/Resources;
			sourceTree = "<group>";
		};
		1D2D6568D4EA0E10D4ED2CD0 /* Products */ = {
			isa = PBXGroup;
			children = (
				3124B4AF7BA1A4F2CFBEF072 /* Reclaim.app */,
				839E763A2B7391BEBAB5DA35 /* ReclaimTests.xctest */,
			);
			name = Products;
			sourceTree = "<group>";
		};
		4B728FBA13701BBB52B504EE = {
			isa = PBXGroup;
			children = (
				FDEDD7356B8CB312B3CD784F /* Reclaim */,
				CD47F0191CA47A31CA54BEC4 /* Resources */,
				99D1564A4ADFDE72E468E7E4 /* ReclaimTests */,
				1D2D6568D4EA0E10D4ED2CD0 /* Products */,
			);
			sourceTree = "<group>";
		};
/* End PBXGroup section */

/* Begin PBXNativeTarget section */
		BCEF38A2FE2454A4AB803F0E /* Reclaim */ = {
			isa = PBXNativeTarget;
			buildConfigurationList = 1D97B77EAD2380603A3F2A82 /* Build configuration list for PBXNativeTarget "Reclaim" */;
			buildPhases = (
				2FB286088BD0BF8AE88E0D78 /* Sources */,
				9E88FEF503C1E40FDF23CCDE /* Frameworks */,
				B156C1E46BE15DE52AC798A1 /* Resources */,
			);
			buildRules = (
			);
			dependencies = (
			);
			name = Reclaim;
			productName = Reclaim;
			productReference = 3124B4AF7BA1A4F2CFBEF072 /* Reclaim.app */;
			productType = "com.apple.product-type.application";
		};
		FE2543782A397A3F356A4BC8 /* ReclaimTests */ = {
			isa = PBXNativeTarget;
			buildConfigurationList = 96375ECE1B94BBE7901BC88B /* Build configuration list for PBXNativeTarget "ReclaimTests" */;
			buildPhases = (
				253B7D7D35FBA95AB93123FF /* Sources */,
				56361F60CA31B6C99997FAC5 /* Frameworks */,
			);
			buildRules = (
			);
			dependencies = (
				6C08398B11607D2B35D93101 /* PBXTargetDependency */,
			);
			name = ReclaimTests;
			productName = ReclaimTests;
			productReference = 839E763A2B7391BEBAB5DA35 /* ReclaimTests.xctest */;
			productType = "com.apple.product-type.bundle.unit-test";
		};
/* End PBXNativeTarget section */

/* Begin PBXProject section */
		AFC74C69B8FAF538E614821C /* Project object */ = {
			isa = PBXProject;
			attributes = {
				BuildIndependentTargetsInParallel = 1;
				LastSwiftUpdateCheck = 1520;
				LastUpgradeCheck = 1520;
				TargetAttributes = {
					BCEF38A2FE2454A4AB803F0E = {
						CreatedOnToolsVersion = 15.2;
					};
					FE2543782A397A3F356A4BC8 = {
						CreatedOnToolsVersion = 15.2;
						TestTargetID = BCEF38A2FE2454A4AB803F0E;
					};
				};
			};
			buildConfigurationList = 1F4E3D13C2320EDA50221924 /* Build configuration list for PBXProject "Reclaim" */;
			compatibilityVersion = "Xcode 14.0";
			developmentRegion = en;
			hasScannedForEncodings = 0;
			knownRegions = (
				en,
				Base,
			);
			mainGroup = 4B728FBA13701BBB52B504EE;
			productRefGroup = 1D2D6568D4EA0E10D4ED2CD0 /* Products */;
			projectDirPath = "";
			projectRoot = "";
			targets = (
				BCEF38A2FE2454A4AB803F0E /* Reclaim */,
				FE2543782A397A3F356A4BC8 /* ReclaimTests */,
			);
		};
/* End PBXProject section */

/* Begin PBXResourcesBuildPhase section */
		B156C1E46BE15DE52AC798A1 /* Resources */ = {
			isa = PBXResourcesBuildPhase;
			buildActionMask = 2147483647;
			files = (
				7D1DBA83F5517888388F38D2 /* Assets.xcassets in Resources */,
			);
			runOnlyForDeploymentPostprocessing = 0;
		};
/* End PBXResourcesBuildPhase section */

/* Begin PBXSourcesBuildPhase section */
		2FB286088BD0BF8AE88E0D78 /* Sources */ = {
			isa = PBXSourcesBuildPhase;
			buildActionMask = 2147483647;
			files = (
				6E2149CBF944240A69422756 /* AppEnvironment.swift in Sources */,
				60758E4BF03A5880C91CAE78 /* ReclaimApp.swift in Sources */,
				93FE6AA23D4572530E1D2C6E /* ReclaimError.swift in Sources */,
				824DCD8F2CC16277DBB35BA5 /* FileManager+Storage.swift in Sources */,
				18A00E2580CCFFB30DE7FC6F /* CleanupSelection.swift in Sources */,
				DD1C2995F15CC2685761B907 /* ContactCandidate.swift in Sources */,
				EA062765E263FF1EC213A973 /* Enums.swift in Sources */,
				E01F1028C23D761C0FA44CCA /* PhotoAsset.swift in Sources */,
				A4FAA0FC00CF50233C16ECA4 /* PhotoGroup.swift in Sources */,
				E6CB9BC85331CB5B59C65424 /* ScanResult.swift in Sources */,
				9F850C7E6D71FFD8C28F7656 /* StorageSummary.swift in Sources */,
				54BDD2C2BDDDBBC28BCE3167 /* VideoAsset.swift in Sources */,
				0654E97CB6B8462E1F71B440 /* BestPhotoScoring.swift in Sources */,
				7658D69BA92B177EBACB8B93 /* ByteFormatting.swift in Sources */,
				C36849C6F78C6475363703C7 /* ContactNormalizer.swift in Sources */,
				CC3BBDB8490FD3856A37D730 /* HammingDistance.swift in Sources */,
				3EB1C26C1FBAD4EE5D9AC440 /* MediaFormatting.swift in Sources */,
				85176824B9DE15537EFC8CF1 /* NameSimilarity.swift in Sources */,
				05FB2A2B803D2C1AAFD94180 /* PerceptualHash.swift in Sources */,
				311408B89E1B95BDF4D98898 /* UnionFind.swift in Sources */,
				CC88BA6EA6DAEA7CEBC4A6F3 /* CleanupResultView.swift in Sources */,
				5A5FD5CB7649AF3DB3CBD3DF /* DashboardView.swift in Sources */,
				14884CF19DA8B40BC38A7FC2 /* DashboardViewModel.swift in Sources */,
				4723629945E193C69BF97255 /* PhotoGroupDetailView.swift in Sources */,
				7F79A3DB8EC8270136D271DE /* PhotoGroupsView.swift in Sources */,
				82746900DC7E4F22E944A761 /* ReviewStore.swift in Sources */,
				925A902AEEAD2DE84DDD537E /* ReviewView.swift in Sources */,
				A8C82CC257A118369E236D9D /* ReviewViewModel.swift in Sources */,
				DABC631544EBF564E8E808C1 /* Logging.swift in Sources */,
				14B8C3C99D8592A5CEF6F22A /* ScanCache.swift in Sources */,
				EBA075D649596EB3ED2BC630 /* ThumbnailCache.swift in Sources */,
				1186440EE76E8262746894F5 /* CleanupService.swift in Sources */,
				68240B75DC178185C6967477 /* ContactService.swift in Sources */,
				C1E659EAF32CA2F286D3A25A /* ContactServiceLive.swift in Sources */,
				BCFFC27BB5C61543DFDB9325 /* DuplicateContactDetector.swift in Sources */,
				46B486FD76B1A99D70FDD1FA /* DuplicateDetector.swift in Sources */,
				E90E62D2AF89DFB10495105F /* ImagePixelExtractor.swift in Sources */,
				D25C90736627030EC20183C3 /* PhotoLibraryService.swift in Sources */,
				DCA9FACDE387DBC08BFDFF22 /* PhotoLibraryServiceLive.swift in Sources */,
				F30C98E5187967604F5A1918 /* ScreenshotDetector.swift in Sources */,
				9B8E48CA4C161D9909D14AF1 /* SimilarityDetector.swift in Sources */,
				937DF79303E31978173055E6 /* StorageService.swift in Sources */,
				6DFD6F01643FBFBAF9D1060B /* VideoScanner.swift in Sources */,
				F17777D9B0DC4479C3B46E66 /* AppEnvironmentKey.swift in Sources */,
				EDDFA095F49D555F2A3F2094 /* AssetThumbnailView.swift in Sources */,
				4EF621C38A323F282279E23E /* PerformCleanupUseCase.swift in Sources */,
				8F0ED228844FD52FFCB82AB9 /* ScanContactsUseCase.swift in Sources */,
				3E1C13B28779BE4907DC5F09 /* ScanPhotoLibraryUseCase.swift in Sources */,
			);
			runOnlyForDeploymentPostprocessing = 0;
		};
		253B7D7D35FBA95AB93123FF /* Sources */ = {
			isa = PBXSourcesBuildPhase;
			buildActionMask = 2147483647;
			files = (
				7528FB88FEB447EDC50BE80F /* BestPhotoScoringTests.swift in Sources */,
				070F2D68A21E415CB1C97B94 /* CleanupSelectionTests.swift in Sources */,
				FFBD546F24B6E36FFB3DFE0A /* ContactNormalizerTests.swift in Sources */,
				6DA11FC152F405284A99A4E0 /* DuplicateContactDetectorTests.swift in Sources */,
				5157B6257ABD4FA17A48D841 /* GroupSelectionInvariantTests.swift in Sources */,
				229D46B5F08B9545BA0B6A2E /* HammingDistanceAndClusteringTests.swift in Sources */,
				2A2DEA97A9C06D55F0470843 /* MediaFormattingTests.swift in Sources */,
				C99492313549B3FE9E5A4B15 /* NameSimilarityTests.swift in Sources */,
				C9138832610F488C40657BEC /* PerceptualHashTests.swift in Sources */,
				769D5E93B3994080707D0748 /* Fakes.swift in Sources */,
				C9890D8653E52274319C9035 /* PerformCleanupUseCaseSafetyTests.swift in Sources */,
			);
			runOnlyForDeploymentPostprocessing = 0;
		};
/* End PBXSourcesBuildPhase section */

/* Begin PBXTargetDependency section */
		6C08398B11607D2B35D93101 /* PBXTargetDependency */ = {
			isa = PBXTargetDependency;
			target = BCEF38A2FE2454A4AB803F0E /* Reclaim */;
			targetProxy = 4BB6CD8B805F95608EA3CC07 /* PBXContainerItemProxy */;
		};
/* End PBXTargetDependency section */

/* Begin XCBuildConfiguration section */
		35D0387E8A36F09B2F1874B0 /* Debug */ = {
			isa = XCBuildConfiguration;
			buildSettings = {
				ALWAYS_SEARCH_USER_PATHS = NO;
				CLANG_ANALYZER_NONNULL = YES;
				CLANG_ENABLE_MODULES = YES;
				CLANG_ENABLE_OBJC_ARC = YES;
				CLANG_WARN_DOCUMENTATION_COMMENTS = YES;
				COPY_PHASE_STRIP = NO;
				DEBUG_INFORMATION_FORMAT = dwarf;
				ENABLE_STRICT_OBJC_MSGSEND = YES;
				ENABLE_TESTABILITY = YES;
				GCC_C_LANGUAGE_STANDARD = gnu17;
				GCC_DYNAMIC_NO_PIC = NO;
				GCC_OPTIMIZATION_LEVEL = 0;
				GCC_PREPROCESSOR_DEFINITIONS = (
					"DEBUG=1",
					"$(inherited)",
				);
				IPHONEOS_DEPLOYMENT_TARGET = 17.0;
				MTL_ENABLE_DEBUG_INFO = INCLUDE_SOURCE;
				ONLY_ACTIVE_ARCH = YES;
				SDKROOT = iphoneos;
				SWIFT_ACTIVE_COMPILATION_CONDITIONS = DEBUG;
				SWIFT_OPTIMIZATION_LEVEL = "-Onone";
				SWIFT_VERSION = 5.0;
			};
			name = Debug;
		};
		19B69E46700831D730A5F9AF /* Release */ = {
			isa = XCBuildConfiguration;
			buildSettings = {
				ALWAYS_SEARCH_USER_PATHS = NO;
				CLANG_ANALYZER_NONNULL = YES;
				CLANG_ENABLE_MODULES = YES;
				CLANG_ENABLE_OBJC_ARC = YES;
				COPY_PHASE_STRIP = NO;
				DEBUG_INFORMATION_FORMAT = "dwarf-with-dsym";
				ENABLE_NS_ASSERTIONS = NO;
				ENABLE_STRICT_OBJC_MSGSEND = YES;
				GCC_C_LANGUAGE_STANDARD = gnu17;
				IPHONEOS_DEPLOYMENT_TARGET = 17.0;
				MTL_ENABLE_DEBUG_INFO = NO;
				SDKROOT = iphoneos;
				SWIFT_COMPILATION_MODE = wholemodule;
				SWIFT_OPTIMIZATION_LEVEL = "-O";
				SWIFT_VERSION = 5.0;
				VALIDATE_PRODUCT = YES;
			};
			name = Release;
		};
		5129F47484156CFE0A2B0B98 /* Debug */ = {
			isa = XCBuildConfiguration;
			buildSettings = {
				ASSETCATALOG_COMPILER_APPICON_NAME = AppIcon;
				ASSETCATALOG_COMPILER_GLOBAL_ACCENT_COLOR_NAME = AccentColor;
				CODE_SIGN_STYLE = Automatic;
				CURRENT_PROJECT_VERSION = 1;
				GENERATE_INFOPLIST_FILE = NO;
				INFOPLIST_FILE = Reclaim/Resources/Info.plist;
				INFOPLIST_KEY_UILaunchScreen_Generation = NO;
				LD_RUNPATH_SEARCH_PATHS = (
					"$(inherited)",
					"@executable_path/Frameworks",
				);
				MARKETING_VERSION = 1.0;
				PRODUCT_BUNDLE_IDENTIFIER = com.reclaim.app;
				PRODUCT_NAME = "$(TARGET_NAME)";
				SWIFT_EMIT_LOC_STRINGS = YES;
				SWIFT_VERSION = 5.0;
				TARGETED_DEVICE_FAMILY = "1";
			};
			name = Debug;
		};
		0DC4A93B97866A7C66FF0056 /* Release */ = {
			isa = XCBuildConfiguration;
			buildSettings = {
				ASSETCATALOG_COMPILER_APPICON_NAME = AppIcon;
				ASSETCATALOG_COMPILER_GLOBAL_ACCENT_COLOR_NAME = AccentColor;
				CODE_SIGN_STYLE = Automatic;
				CURRENT_PROJECT_VERSION = 1;
				GENERATE_INFOPLIST_FILE = NO;
				INFOPLIST_FILE = Reclaim/Resources/Info.plist;
				INFOPLIST_KEY_UILaunchScreen_Generation = NO;
				LD_RUNPATH_SEARCH_PATHS = (
					"$(inherited)",
					"@executable_path/Frameworks",
				);
				MARKETING_VERSION = 1.0;
				PRODUCT_BUNDLE_IDENTIFIER = com.reclaim.app;
				PRODUCT_NAME = "$(TARGET_NAME)";
				SWIFT_EMIT_LOC_STRINGS = YES;
				SWIFT_VERSION = 5.0;
				TARGETED_DEVICE_FAMILY = "1";
			};
			name = Release;
		};
		43BC741CE4236F686408D1C0 /* Debug */ = {
			isa = XCBuildConfiguration;
			buildSettings = {
				BUNDLE_LOADER = "$(TEST_HOST)";
				CODE_SIGN_STYLE = Automatic;
				CURRENT_PROJECT_VERSION = 1;
				GENERATE_INFOPLIST_FILE = YES;
				PRODUCT_BUNDLE_IDENTIFIER = com.reclaim.app.tests;
				PRODUCT_NAME = "$(TARGET_NAME)";
				SWIFT_EMIT_LOC_STRINGS = NO;
				SWIFT_VERSION = 5.0;
				TARGETED_DEVICE_FAMILY = "1";
				TEST_HOST = "$(BUILT_PRODUCTS_DIR)/Reclaim.app/Reclaim";
			};
			name = Debug;
		};
		2BEDCF9AB54FB630A577D035 /* Release */ = {
			isa = XCBuildConfiguration;
			buildSettings = {
				BUNDLE_LOADER = "$(TEST_HOST)";
				CODE_SIGN_STYLE = Automatic;
				CURRENT_PROJECT_VERSION = 1;
				GENERATE_INFOPLIST_FILE = YES;
				PRODUCT_BUNDLE_IDENTIFIER = com.reclaim.app.tests;
				PRODUCT_NAME = "$(TARGET_NAME)";
				SWIFT_EMIT_LOC_STRINGS = NO;
				SWIFT_VERSION = 5.0;
				TARGETED_DEVICE_FAMILY = "1";
				TEST_HOST = "$(BUILT_PRODUCTS_DIR)/Reclaim.app/Reclaim";
			};
			name = Release;
		};
/* End XCBuildConfiguration section */

/* Begin XCConfigurationList section */
		1F4E3D13C2320EDA50221924 /* Build configuration list for PBXProject "Reclaim" */ = {
			isa = XCConfigurationList;
			buildConfigurations = (
				35D0387E8A36F09B2F1874B0 /* Debug */,
				19B69E46700831D730A5F9AF /* Release */,
			);
			defaultConfigurationIsVisible = 0;
			defaultConfigurationName = Release;
		};
		1D97B77EAD2380603A3F2A82 /* Build configuration list for PBXNativeTarget "Reclaim" */ = {
			isa = XCConfigurationList;
			buildConfigurations = (
				5129F47484156CFE0A2B0B98 /* Debug */,
				0DC4A93B97866A7C66FF0056 /* Release */,
			);
			defaultConfigurationIsVisible = 0;
			defaultConfigurationName = Release;
		};
		96375ECE1B94BBE7901BC88B /* Build configuration list for PBXNativeTarget "ReclaimTests" */ = {
			isa = XCConfigurationList;
			buildConfigurations = (
				43BC741CE4236F686408D1C0 /* Debug */,
				2BEDCF9AB54FB630A577D035 /* Release */,
			);
			defaultConfigurationIsVisible = 0;
			defaultConfigurationName = Release;
		};
/* End XCConfigurationList section */
	};
	rootObject = AFC74C69B8FAF538E614821C /* Project object */;
}
